# This file is generated by running "yarn install" inside your project.
# Manual changes might be lost - proceed with caution!

__metadata:
  version: 8
  cacheKey: 10c0

"@emnapi/core@npm:^1.3.1":
  version: 1.3.1
  resolution: "@emnapi/core@npm:1.3.1"
  dependencies:
    "@emnapi/wasi-threads": "npm:1.0.1"
    tslib: "npm:^2.4.0"
  checksum: 10c0/d3be1044ad704e2c486641bc18908523490f28c7d38bd12d9c1d4ce37d39dae6c4aecd2f2eaf44c6e3bd90eaf04e0591acc440b1b038cdf43cce078a355a0ea0
  languageName: node
  linkType: hard

"@emnapi/runtime@npm:^1.3.1":
  version: 1.3.1
  resolution: "@emnapi/runtime@npm:1.3.1"
  dependencies:
    tslib: "npm:^2.4.0"
  checksum: 10c0/060ffede50f1b619c15083312b80a9e62a5b0c87aa8c1b54854c49766c9d69f8d1d3d87bd963a647071263a320db41b25eaa50b74d6a80dcc763c23dbeaafd6c
  languageName: node
  linkType: hard

"@emnapi/wasi-threads@npm:1.0.1":
  version: 1.0.1
  resolution: "@emnapi/wasi-threads@npm:1.0.1"
  dependencies:
    tslib: "npm:^2.4.0"
  checksum: 10c0/1e0c8036b8d53e9b07cc9acf021705ef6c86ab6b13e1acda7fffaf541a2d3565072afb92597419173ced9ea14f6bf32fce149106e669b5902b825e8b499e5c6c
  languageName: node
  linkType: hard

"@inquirer/checkbox@npm:^4.1.3":
  version: 4.1.3
  resolution: "@inquirer/checkbox@npm:4.1.3"
  dependencies:
    "@inquirer/core": "npm:^10.1.8"
    "@inquirer/figures": "npm:^1.0.11"
    "@inquirer/type": "npm:^3.0.5"
    ansi-escapes: "npm:^4.3.2"
    yoctocolors-cjs: "npm:^2.1.2"
  peerDependencies:
    "@types/node": ">=18"
  peerDependenciesMeta:
    "@types/node":
      optional: true
  checksum: 10c0/c7b9727e48ec8de7d778c51a3fb3f6237de44395fc9d6d4831b0e30a2da106c0af44fe8b1f9ae4a56b2f3e80207f63262785524525b99d8e352bc84e18e50dd0
  languageName: node
  linkType: hard

"@inquirer/confirm@npm:^5.1.7":
  version: 5.1.7
  resolution: "@inquirer/confirm@npm:5.1.7"
  dependencies:
    "@inquirer/core": "npm:^10.1.8"
    "@inquirer/type": "npm:^3.0.5"
  peerDependencies:
    "@types/node": ">=18"
  peerDependenciesMeta:
    "@types/node":
      optional: true
  checksum: 10c0/337436f2ee5f5a100b7464341fb71e845b79ed0c8888925b6c1fcca375b1afffffe4351258ff47cccefac74c88ee84a317ca02867dd0cdc976e0e480334db7d8
  languageName: node
  linkType: hard

"@inquirer/core@npm:^10.1.8":
  version: 10.1.8
  resolution: "@inquirer/core@npm:10.1.8"
  dependencies:
    "@inquirer/figures": "npm:^1.0.11"
    "@inquirer/type": "npm:^3.0.5"
    ansi-escapes: "npm:^4.3.2"
    cli-width: "npm:^4.1.0"
    mute-stream: "npm:^2.0.0"
    signal-exit: "npm:^4.1.0"
    wrap-ansi: "npm:^6.2.0"
    yoctocolors-cjs: "npm:^2.1.2"
  peerDependencies:
    "@types/node": ">=18"
  peerDependenciesMeta:
    "@types/node":
      optional: true
  checksum: 10c0/9d63c10ba281ec874259fc2de78e0f37cd51b5f00f9cdf177c2baf385df00469d76ed0816a0d7864f3d73d0b7195ff56af9088af833df25380e0203fcf46a925
  languageName: node
  linkType: hard

"@inquirer/editor@npm:^4.2.8":
  version: 4.2.8
  resolution: "@inquirer/editor@npm:4.2.8"
  dependencies:
    "@inquirer/core": "npm:^10.1.8"
    "@inquirer/type": "npm:^3.0.5"
    external-editor: "npm:^3.1.0"
  peerDependencies:
    "@types/node": ">=18"
  peerDependenciesMeta:
    "@types/node":
      optional: true
  checksum: 10c0/7104b3cf48de6464fb45585887beecce1c0262552f1b4e608438437ef4c6e7fd8330c07aee37e6dabe679627754c9a05cfd1c25ccf09022d0ce281d641beaa19
  languageName: node
  linkType: hard

"@inquirer/expand@npm:^4.0.10":
  version: 4.0.10
  resolution: "@inquirer/expand@npm:4.0.10"
  dependencies:
    "@inquirer/core": "npm:^10.1.8"
    "@inquirer/type": "npm:^3.0.5"
    yoctocolors-cjs: "npm:^2.1.2"
  peerDependencies:
    "@types/node": ">=18"
  peerDependenciesMeta:
    "@types/node":
      optional: true
  checksum: 10c0/11daad2796f2334cc381820b5e3d91efaf332c8efa0e4fe6f3c6da307c41fc21a7eb8dd03058de030a912e1e997af03dc41d6fe804cdc8b4a2f20ea607f7a307
  languageName: node
  linkType: hard

"@inquirer/figures@npm:^1.0.11":
  version: 1.0.11
  resolution: "@inquirer/figures@npm:1.0.11"
  checksum: 10c0/6270e24eebbe42bbc4e7f8e761e906be66b4896787f31ab3e7484ad271c8edc90bce4ec20e232a5da447aee4fc73803397b2dda8cf645f4f7eea83e773b44e1e
  languageName: node
  linkType: hard

"@inquirer/input@npm:^4.1.7":
  version: 4.1.7
  resolution: "@inquirer/input@npm:4.1.7"
  dependencies:
    "@inquirer/core": "npm:^10.1.8"
    "@inquirer/type": "npm:^3.0.5"
  peerDependencies:
    "@types/node": ">=18"
  peerDependenciesMeta:
    "@types/node":
      optional: true
  checksum: 10c0/c6944fb29736c6cae983218411700e09c869c190e0ef961954f4e99a225be22844185dfdeb88ad21556ad41108252511752f7fbf401b4727001b8432ae0df7bb
  languageName: node
  linkType: hard

"@inquirer/number@npm:^3.0.10":
  version: 3.0.10
  resolution: "@inquirer/number@npm:3.0.10"
  dependencies:
    "@inquirer/core": "npm:^10.1.8"
    "@inquirer/type": "npm:^3.0.5"
  peerDependencies:
    "@types/node": ">=18"
  peerDependenciesMeta:
    "@types/node":
      optional: true
  checksum: 10c0/ce1216cd3155ed24defe920e0e62d711519f2dee2eb1039aabc2071e7d465770fd9eac366e0fd33a3be32065a73d021f4a2b62f9df43ab5a52db4fea69f103f5
  languageName: node
  linkType: hard

"@inquirer/password@npm:^4.0.10":
  version: 4.0.10
  resolution: "@inquirer/password@npm:4.0.10"
  dependencies:
    "@inquirer/core": "npm:^10.1.8"
    "@inquirer/type": "npm:^3.0.5"
    ansi-escapes: "npm:^4.3.2"
  peerDependencies:
    "@types/node": ">=18"
  peerDependenciesMeta:
    "@types/node":
      optional: true
  checksum: 10c0/0563991cc23b0844c059d06c9747fa0573e399bf0fdeefb47d8937dbf199112c839ca0a80a124d32fc4eb403bb955dbcc7184bef8bb405f93d1863b5173afd61
  languageName: node
  linkType: hard

"@inquirer/prompts@npm:^7.0.0":
  version: 7.3.3
  resolution: "@inquirer/prompts@npm:7.3.3"
  dependencies:
    "@inquirer/checkbox": "npm:^4.1.3"
    "@inquirer/confirm": "npm:^5.1.7"
    "@inquirer/editor": "npm:^4.2.8"
    "@inquirer/expand": "npm:^4.0.10"
    "@inquirer/input": "npm:^4.1.7"
    "@inquirer/number": "npm:^3.0.10"
    "@inquirer/password": "npm:^4.0.10"
    "@inquirer/rawlist": "npm:^4.0.10"
    "@inquirer/search": "npm:^3.0.10"
    "@inquirer/select": "npm:^4.0.10"
  peerDependencies:
    "@types/node": ">=18"
  peerDependenciesMeta:
    "@types/node":
      optional: true
  checksum: 10c0/f12f921453c6f438bc6eba9a3d415c21b1cfbe791d6eed39de0027bd3e82e543194a87d5c80f693c377aef068b39f0911e28986ce848382ed5a1a6bdb81e7e29
  languageName: node
  linkType: hard

"@inquirer/rawlist@npm:^4.0.10":
  version: 4.0.10
  resolution: "@inquirer/rawlist@npm:4.0.10"
  dependencies:
    "@inquirer/core": "npm:^10.1.8"
    "@inquirer/type": "npm:^3.0.5"
    yoctocolors-cjs: "npm:^2.1.2"
  peerDependencies:
    "@types/node": ">=18"
  peerDependenciesMeta:
    "@types/node":
      optional: true
  checksum: 10c0/8be6d693253aaefe3e1a05a104a717edb799b140fdc618b50eede9bdfcdca10487ec405e67f70543de9ca7905bf9f6ed19db26be102cc44a95ac6dc875dce010
  languageName: node
  linkType: hard

"@inquirer/search@npm:^3.0.10":
  version: 3.0.10
  resolution: "@inquirer/search@npm:3.0.10"
  dependencies:
    "@inquirer/core": "npm:^10.1.8"
    "@inquirer/figures": "npm:^1.0.11"
    "@inquirer/type": "npm:^3.0.5"
    yoctocolors-cjs: "npm:^2.1.2"
  peerDependencies:
    "@types/node": ">=18"
  peerDependenciesMeta:
    "@types/node":
      optional: true
  checksum: 10c0/ada019d7db4c357e7ea25cf08fd8f5f7630a86dc6a9bf815027171ab6bc1971b3ab97c378094a5bff8cb7434a294daccbd3f9d9c7c3305451d1f97d3c4337c8e
  languageName: node
  linkType: hard

"@inquirer/select@npm:^4.0.10":
  version: 4.0.10
  resolution: "@inquirer/select@npm:4.0.10"
  dependencies:
    "@inquirer/core": "npm:^10.1.8"
    "@inquirer/figures": "npm:^1.0.11"
    "@inquirer/type": "npm:^3.0.5"
    ansi-escapes: "npm:^4.3.2"
    yoctocolors-cjs: "npm:^2.1.2"
  peerDependencies:
    "@types/node": ">=18"
  peerDependenciesMeta:
    "@types/node":
      optional: true
  checksum: 10c0/5d6864deb747edc21d2e4d0011f8b0fea66ec1815a13b7470e7d7f5d3bdff475880236128fa540f7739c0ff8d585b08a48c2715876bf9b4609a52cc120bebb4b
  languageName: node
  linkType: hard

"@inquirer/type@npm:^3.0.5":
  version: 3.0.5
  resolution: "@inquirer/type@npm:3.0.5"
  peerDependencies:
    "@types/node": ">=18"
  peerDependenciesMeta:
    "@types/node":
      optional: true
  checksum: 10c0/d6aec3e69bbd5b79ec7e5f4b7b7d2afadd6d6c0566f5fb2b3964a7d72bae89e1736f8d092df15bfdc5cb520678db02f2bde469931c7139e8402ea7ad4d3bdd80
  languageName: node
  linkType: hard

"@napi-rs/cli@npm:canary":
  version: 3.0.0-alpha.75
  resolution: "@napi-rs/cli@npm:3.0.0-alpha.75"
  dependencies:
    "@inquirer/prompts": "npm:^7.0.0"
    "@napi-rs/cross-toolchain": "npm:^0.0.19"
    "@napi-rs/wasm-tools": "npm:^0.0.3"
    "@octokit/rest": "npm:^21.0.2"
    clipanion: "npm:^3.2.1"
    colorette: "npm:^2.0.20"
    debug: "npm:^4.3.7"
    emnapi: "npm:^1.3.1"
    js-yaml: "npm:^4.1.0"
    lodash-es: "npm:^4.17.21"
    semver: "npm:^7.6.3"
    toml: "npm:^3.0.0"
    typanion: "npm:^3.14.0"
    wasm-sjlj: "npm:^1.0.5"
  peerDependencies:
    "@emnapi/runtime": ^1.1.0
    emnapi: ^1.1.0
  peerDependenciesMeta:
    "@emnapi/runtime":
      optional: true
    emnapi:
      optional: true
  bin:
    napi: ./dist/cli.js
    napi-raw: ./cli.mjs
  checksum: 10c0/0a6e86e88a22babc1b07db690cb5ba4b8de49833ba65c0306e066f136146be2fc8ae034251174634620697b350197eddf820e5f54a8eda30ff394ee2aa3acb21
  languageName: node
  linkType: hard

"@napi-rs/cross-toolchain@npm:^0.0.19":
  version: 0.0.19
  resolution: "@napi-rs/cross-toolchain@npm:0.0.19"
  dependencies:
    "@napi-rs/lzma": "npm:^1.4.1"
    "@napi-rs/tar": "npm:^0.1.4"
    debug: "npm:^4.4.0"
  peerDependencies:
    "@napi-rs/cross-toolchain-arm64-target-aarch64": ^0.0.19
    "@napi-rs/cross-toolchain-arm64-target-armv7": ^0.0.19
    "@napi-rs/cross-toolchain-arm64-target-x86_64": ^0.0.19
    "@napi-rs/cross-toolchain-x64-target-aarch64": ^0.0.19
    "@napi-rs/cross-toolchain-x64-target-armv7": ^0.0.19
    "@napi-rs/cross-toolchain-x64-target-x86_64": ^0.0.19
  peerDependenciesMeta:
    "@napi-rs/cross-toolchain-arm64-target-aarch64":
      optional: true
    "@napi-rs/cross-toolchain-arm64-target-armv7":
      optional: true
    "@napi-rs/cross-toolchain-arm64-target-x86_64":
      optional: true
    "@napi-rs/cross-toolchain-x64-target-aarch64":
      optional: true
    "@napi-rs/cross-toolchain-x64-target-armv7":
      optional: true
    "@napi-rs/cross-toolchain-x64-target-x86_64":
      optional: true
  checksum: 10c0/6084567d9d86a818bf600d354aefa88aebad6bd0d76de3e41b50b652dc47cdb2056e7482a68870665ecc9e74dd67fcf9fbc9c02057cec9aa17510b4adbabb326
  languageName: node
  linkType: hard

"@napi-rs/lzma-android-arm-eabi@npm:1.4.1":
  version: 1.4.1
  resolution: "@napi-rs/lzma-android-arm-eabi@npm:1.4.1"
  conditions: os=android & cpu=arm
  languageName: node
  linkType: hard

"@napi-rs/lzma-android-arm64@npm:1.4.1":
  version: 1.4.1
  resolution: "@napi-rs/lzma-android-arm64@npm:1.4.1"
  conditions: os=android & cpu=arm64
  languageName: node
  linkType: hard

"@napi-rs/lzma-darwin-arm64@npm:1.4.1":
  version: 1.4.1
  resolution: "@napi-rs/lzma-darwin-arm64@npm:1.4.1"
  conditions: os=darwin & cpu=arm64
  languageName: node
  linkType: hard

"@napi-rs/lzma-darwin-x64@npm:1.4.1":
  version: 1.4.1
  resolution: "@napi-rs/lzma-darwin-x64@npm:1.4.1"
  conditions: os=darwin & cpu=x64
  languageName: node
  linkType: hard

"@napi-rs/lzma-freebsd-x64@npm:1.4.1":
  version: 1.4.1
  resolution: "@napi-rs/lzma-freebsd-x64@npm:1.4.1"
  conditions: os=freebsd & cpu=x64
  languageName: node
  linkType: hard

"@napi-rs/lzma-linux-arm-gnueabihf@npm:1.4.1":
  version: 1.4.1
  resolution: "@napi-rs/lzma-linux-arm-gnueabihf@npm:1.4.1"
  conditions: os=linux & cpu=arm
  languageName: node
  linkType: hard

"@napi-rs/lzma-linux-arm64-gnu@npm:1.4.1":
  version: 1.4.1
  resolution: "@napi-rs/lzma-linux-arm64-gnu@npm:1.4.1"
  conditions: os=linux & cpu=arm64 & libc=glibc
  languageName: node
  linkType: hard

"@napi-rs/lzma-linux-arm64-musl@npm:1.4.1":
  version: 1.4.1
  resolution: "@napi-rs/lzma-linux-arm64-musl@npm:1.4.1"
  conditions: os=linux & cpu=arm64 & libc=musl
  languageName: node
  linkType: hard

"@napi-rs/lzma-linux-ppc64-gnu@npm:1.4.1":
  version: 1.4.1
  resolution: "@napi-rs/lzma-linux-ppc64-gnu@npm:1.4.1"
  conditions: os=linux & cpu=ppc64 & libc=glibc
  languageName: node
  linkType: hard

"@napi-rs/lzma-linux-riscv64-gnu@npm:1.4.1":
  version: 1.4.1
  resolution: "@napi-rs/lzma-linux-riscv64-gnu@npm:1.4.1"
  conditions: os=linux & cpu=riscv64 & libc=glibc
  languageName: node
  linkType: hard

"@napi-rs/lzma-linux-s390x-gnu@npm:1.4.1":
  version: 1.4.1
  resolution: "@napi-rs/lzma-linux-s390x-gnu@npm:1.4.1"
  conditions: os=linux & cpu=s390x & libc=glibc
  languageName: node
  linkType: hard

"@napi-rs/lzma-linux-x64-gnu@npm:1.4.1":
  version: 1.4.1
  resolution: "@napi-rs/lzma-linux-x64-gnu@npm:1.4.1"
  conditions: os=linux & cpu=x64 & libc=glibc
  languageName: node
  linkType: hard

"@napi-rs/lzma-linux-x64-musl@npm:1.4.1":
  version: 1.4.1
  resolution: "@napi-rs/lzma-linux-x64-musl@npm:1.4.1"
  conditions: os=linux & cpu=x64 & libc=musl
  languageName: node
  linkType: hard

"@napi-rs/lzma-wasm32-wasi@npm:1.4.1":
  version: 1.4.1
  resolution: "@napi-rs/lzma-wasm32-wasi@npm:1.4.1"
  dependencies:
    "@napi-rs/wasm-runtime": "npm:^0.2.4"
  conditions: cpu=wasm32
  languageName: node
  linkType: hard

"@napi-rs/lzma-win32-arm64-msvc@npm:1.4.1":
  version: 1.4.1
  resolution: "@napi-rs/lzma-win32-arm64-msvc@npm:1.4.1"
  conditions: os=win32 & cpu=arm64
  languageName: node
  linkType: hard

"@napi-rs/lzma-win32-ia32-msvc@npm:1.4.1":
  version: 1.4.1
  resolution: "@napi-rs/lzma-win32-ia32-msvc@npm:1.4.1"
  conditions: os=win32 & cpu=ia32
  languageName: node
  linkType: hard

"@napi-rs/lzma-win32-x64-msvc@npm:1.4.1":
  version: 1.4.1
  resolution: "@napi-rs/lzma-win32-x64-msvc@npm:1.4.1"
  conditions: os=win32 & cpu=x64
  languageName: node
  linkType: hard

"@napi-rs/lzma@npm:^1.4.1":
  version: 1.4.1
  resolution: "@napi-rs/lzma@npm:1.4.1"
  dependencies:
    "@napi-rs/lzma-android-arm-eabi": "npm:1.4.1"
    "@napi-rs/lzma-android-arm64": "npm:1.4.1"
    "@napi-rs/lzma-darwin-arm64": "npm:1.4.1"
    "@napi-rs/lzma-darwin-x64": "npm:1.4.1"
    "@napi-rs/lzma-freebsd-x64": "npm:1.4.1"
    "@napi-rs/lzma-linux-arm-gnueabihf": "npm:1.4.1"
    "@napi-rs/lzma-linux-arm64-gnu": "npm:1.4.1"
    "@napi-rs/lzma-linux-arm64-musl": "npm:1.4.1"
    "@napi-rs/lzma-linux-ppc64-gnu": "npm:1.4.1"
    "@napi-rs/lzma-linux-riscv64-gnu": "npm:1.4.1"
    "@napi-rs/lzma-linux-s390x-gnu": "npm:1.4.1"
    "@napi-rs/lzma-linux-x64-gnu": "npm:1.4.1"
    "@napi-rs/lzma-linux-x64-musl": "npm:1.4.1"
    "@napi-rs/lzma-wasm32-wasi": "npm:1.4.1"
    "@napi-rs/lzma-win32-arm64-msvc": "npm:1.4.1"
    "@napi-rs/lzma-win32-ia32-msvc": "npm:1.4.1"
    "@napi-rs/lzma-win32-x64-msvc": "npm:1.4.1"
  dependenciesMeta:
    "@napi-rs/lzma-android-arm-eabi":
      optional: true
    "@napi-rs/lzma-android-arm64":
      optional: true
    "@napi-rs/lzma-darwin-arm64":
      optional: true
    "@napi-rs/lzma-darwin-x64":
      optional: true
    "@napi-rs/lzma-freebsd-x64":
      optional: true
    "@napi-rs/lzma-linux-arm-gnueabihf":
      optional: true
    "@napi-rs/lzma-linux-arm64-gnu":
      optional: true
    "@napi-rs/lzma-linux-arm64-musl":
      optional: true
    "@napi-rs/lzma-linux-ppc64-gnu":
      optional: true
    "@napi-rs/lzma-linux-riscv64-gnu":
      optional: true
    "@napi-rs/lzma-linux-s390x-gnu":
      optional: true
    "@napi-rs/lzma-linux-x64-gnu":
      optional: true
    "@napi-rs/lzma-linux-x64-musl":
      optional: true
    "@napi-rs/lzma-wasm32-wasi":
      optional: true
    "@napi-rs/lzma-win32-arm64-msvc":
      optional: true
    "@napi-rs/lzma-win32-ia32-msvc":
      optional: true
    "@napi-rs/lzma-win32-x64-msvc":
      optional: true
  checksum: 10c0/b50aa8160eef163caed8c8c2e998f2fc677f4e9f9e0aa1e1e8b21b83a1999c7faece12842df41392f6a3a30a655d934dba56f3fdf1c6a7fff996691c878a1ae8
  languageName: node
  linkType: hard

"@napi-rs/tar-android-arm-eabi@npm:0.1.4":
  version: 0.1.4
  resolution: "@napi-rs/tar-android-arm-eabi@npm:0.1.4"
  conditions: os=android & cpu=arm
  languageName: node
  linkType: hard

"@napi-rs/tar-android-arm64@npm:0.1.4":
  version: 0.1.4
  resolution: "@napi-rs/tar-android-arm64@npm:0.1.4"
  conditions: os=android & cpu=arm64
  languageName: node
  linkType: hard

"@napi-rs/tar-darwin-arm64@npm:0.1.4":
  version: 0.1.4
  resolution: "@napi-rs/tar-darwin-arm64@npm:0.1.4"
  conditions: os=darwin & cpu=arm64
  languageName: node
  linkType: hard

"@napi-rs/tar-darwin-x64@npm:0.1.4":
  version: 0.1.4
  resolution: "@napi-rs/tar-darwin-x64@npm:0.1.4"
  conditions: os=darwin & cpu=x64
  languageName: node
  linkType: hard

"@napi-rs/tar-freebsd-x64@npm:0.1.4":
  version: 0.1.4
  resolution: "@napi-rs/tar-freebsd-x64@npm:0.1.4"
  conditions: os=freebsd & cpu=x64
  languageName: node
  linkType: hard

"@napi-rs/tar-linux-arm-gnueabihf@npm:0.1.4":
  version: 0.1.4
  resolution: "@napi-rs/tar-linux-arm-gnueabihf@npm:0.1.4"
  conditions: os=linux & cpu=arm
  languageName: node
  linkType: hard

"@napi-rs/tar-linux-arm64-gnu@npm:0.1.4":
  version: 0.1.4
  resolution: "@napi-rs/tar-linux-arm64-gnu@npm:0.1.4"
  conditions: os=linux & cpu=arm64 & libc=glibc
  languageName: node
  linkType: hard

"@napi-rs/tar-linux-arm64-musl@npm:0.1.4":
  version: 0.1.4
  resolution: "@napi-rs/tar-linux-arm64-musl@npm:0.1.4"
  conditions: os=linux & cpu=arm64 & libc=musl
  languageName: node
  linkType: hard

"@napi-rs/tar-linux-ppc64-gnu@npm:0.1.4":
  version: 0.1.4
  resolution: "@napi-rs/tar-linux-ppc64-gnu@npm:0.1.4"
  conditions: os=linux & cpu=ppc64 & libc=glibc
  languageName: node
  linkType: hard

"@napi-rs/tar-linux-s390x-gnu@npm:0.1.4":
  version: 0.1.4
  resolution: "@napi-rs/tar-linux-s390x-gnu@npm:0.1.4"
  conditions: os=linux & cpu=s390x & libc=glibc
  languageName: node
  linkType: hard

"@napi-rs/tar-linux-x64-gnu@npm:0.1.4":
  version: 0.1.4
  resolution: "@napi-rs/tar-linux-x64-gnu@npm:0.1.4"
  conditions: os=linux & cpu=x64 & libc=glibc
  languageName: node
  linkType: hard

"@napi-rs/tar-linux-x64-musl@npm:0.1.4":
  version: 0.1.4
  resolution: "@napi-rs/tar-linux-x64-musl@npm:0.1.4"
  conditions: os=linux & cpu=x64 & libc=musl
  languageName: node
  linkType: hard

"@napi-rs/tar-wasm32-wasi@npm:0.1.4":
  version: 0.1.4
  resolution: "@napi-rs/tar-wasm32-wasi@npm:0.1.4"
  dependencies:
    "@napi-rs/wasm-runtime": "npm:^0.2.4"
  conditions: cpu=wasm32
  languageName: node
  linkType: hard

"@napi-rs/tar-win32-arm64-msvc@npm:0.1.4":
  version: 0.1.4
  resolution: "@napi-rs/tar-win32-arm64-msvc@npm:0.1.4"
  conditions: os=win32 & cpu=arm64
  languageName: node
  linkType: hard

"@napi-rs/tar-win32-ia32-msvc@npm:0.1.4":
  version: 0.1.4
  resolution: "@napi-rs/tar-win32-ia32-msvc@npm:0.1.4"
  conditions: os=win32 & cpu=ia32
  languageName: node
  linkType: hard

"@napi-rs/tar-win32-x64-msvc@npm:0.1.4":
  version: 0.1.4
  resolution: "@napi-rs/tar-win32-x64-msvc@npm:0.1.4"
  conditions: os=win32 & cpu=x64
  languageName: node
  linkType: hard

"@napi-rs/tar@npm:^0.1.4":
  version: 0.1.4
  resolution: "@napi-rs/tar@npm:0.1.4"
  dependencies:
    "@napi-rs/tar-android-arm-eabi": "npm:0.1.4"
    "@napi-rs/tar-android-arm64": "npm:0.1.4"
    "@napi-rs/tar-darwin-arm64": "npm:0.1.4"
    "@napi-rs/tar-darwin-x64": "npm:0.1.4"
    "@napi-rs/tar-freebsd-x64": "npm:0.1.4"
    "@napi-rs/tar-linux-arm-gnueabihf": "npm:0.1.4"
    "@napi-rs/tar-linux-arm64-gnu": "npm:0.1.4"
    "@napi-rs/tar-linux-arm64-musl": "npm:0.1.4"
    "@napi-rs/tar-linux-ppc64-gnu": "npm:0.1.4"
    "@napi-rs/tar-linux-s390x-gnu": "npm:0.1.4"
    "@napi-rs/tar-linux-x64-gnu": "npm:0.1.4"
    "@napi-rs/tar-linux-x64-musl": "npm:0.1.4"
    "@napi-rs/tar-wasm32-wasi": "npm:0.1.4"
    "@napi-rs/tar-win32-arm64-msvc": "npm:0.1.4"
    "@napi-rs/tar-win32-ia32-msvc": "npm:0.1.4"
    "@napi-rs/tar-win32-x64-msvc": "npm:0.1.4"
  dependenciesMeta:
    "@napi-rs/tar-android-arm-eabi":
      optional: true
    "@napi-rs/tar-android-arm64":
      optional: true
    "@napi-rs/tar-darwin-arm64":
      optional: true
    "@napi-rs/tar-darwin-x64":
      optional: true
    "@napi-rs/tar-freebsd-x64":
      optional: true
    "@napi-rs/tar-linux-arm-gnueabihf":
      optional: true
    "@napi-rs/tar-linux-arm64-gnu":
      optional: true
    "@napi-rs/tar-linux-arm64-musl":
      optional: true
    "@napi-rs/tar-linux-ppc64-gnu":
      optional: true
    "@napi-rs/tar-linux-s390x-gnu":
      optional: true
    "@napi-rs/tar-linux-x64-gnu":
      optional: true
    "@napi-rs/tar-linux-x64-musl":
      optional: true
    "@napi-rs/tar-wasm32-wasi":
      optional: true
    "@napi-rs/tar-win32-arm64-msvc":
      optional: true
    "@napi-rs/tar-win32-ia32-msvc":
      optional: true
    "@napi-rs/tar-win32-x64-msvc":
      optional: true
  checksum: 10c0/9b81dc4bb4f2fe67951bbcf9d7c68737d20cc04904852968837545a1347e3767b83485b00218745e5138f4567711bcf5975860686228279121fd30a88fc333c5
  languageName: node
  linkType: hard

"@napi-rs/wasm-runtime@npm:^0.2.4, @napi-rs/wasm-runtime@npm:^0.2.7":
  version: 0.2.7
  resolution: "@napi-rs/wasm-runtime@npm:0.2.7"
  dependencies:
    "@emnapi/core": "npm:^1.3.1"
    "@emnapi/runtime": "npm:^1.3.1"
    "@tybys/wasm-util": "npm:^0.9.0"
  checksum: 10c0/04a5edd79144bfa4e821a373fb6d4939f10c578c5f3633b5e67a57d0f5e36a593f595834d26654ea757bba7cd80b6c42d0d1405d6a8460c5d774e8cd5c9548a4
  languageName: node
  linkType: hard

"@napi-rs/wasm-tools-android-arm-eabi@npm:0.0.3":
  version: 0.0.3
  resolution: "@napi-rs/wasm-tools-android-arm-eabi@npm:0.0.3"
  conditions: os=android & cpu=arm
  languageName: node
  linkType: hard

"@napi-rs/wasm-tools-android-arm64@npm:0.0.3":
  version: 0.0.3
  resolution: "@napi-rs/wasm-tools-android-arm64@npm:0.0.3"
  conditions: os=android & cpu=arm64
  languageName: node
  linkType: hard

"@napi-rs/wasm-tools-darwin-arm64@npm:0.0.3":
  version: 0.0.3
  resolution: "@napi-rs/wasm-tools-darwin-arm64@npm:0.0.3"
  conditions: os=darwin & cpu=arm64
  languageName: node
  linkType: hard

"@napi-rs/wasm-tools-darwin-x64@npm:0.0.3":
  version: 0.0.3
  resolution: "@napi-rs/wasm-tools-darwin-x64@npm:0.0.3"
  conditions: os=darwin & cpu=x64
  languageName: node
  linkType: hard

"@napi-rs/wasm-tools-freebsd-x64@npm:0.0.3":
  version: 0.0.3
  resolution: "@napi-rs/wasm-tools-freebsd-x64@npm:0.0.3"
  conditions: os=freebsd & cpu=x64
  languageName: node
  linkType: hard

"@napi-rs/wasm-tools-linux-arm64-gnu@npm:0.0.3":
  version: 0.0.3
  resolution: "@napi-rs/wasm-tools-linux-arm64-gnu@npm:0.0.3"
  conditions: os=linux & cpu=arm64 & libc=glibc
  languageName: node
  linkType: hard

"@napi-rs/wasm-tools-linux-arm64-musl@npm:0.0.3":
  version: 0.0.3
  resolution: "@napi-rs/wasm-tools-linux-arm64-musl@npm:0.0.3"
  conditions: os=linux & cpu=arm64 & libc=musl
  languageName: node
  linkType: hard

"@napi-rs/wasm-tools-linux-x64-gnu@npm:0.0.3":
  version: 0.0.3
  resolution: "@napi-rs/wasm-tools-linux-x64-gnu@npm:0.0.3"
  conditions: os=linux & cpu=x64 & libc=glibc
  languageName: node
  linkType: hard

"@napi-rs/wasm-tools-linux-x64-musl@npm:0.0.3":
  version: 0.0.3
  resolution: "@napi-rs/wasm-tools-linux-x64-musl@npm:0.0.3"
  conditions: os=linux & cpu=x64 & libc=musl
  languageName: node
  linkType: hard

"@napi-rs/wasm-tools-wasm32-wasi@npm:0.0.3":
  version: 0.0.3
  resolution: "@napi-rs/wasm-tools-wasm32-wasi@npm:0.0.3"
  dependencies:
    "@napi-rs/wasm-runtime": "npm:^0.2.7"
  conditions: cpu=wasm32
  languageName: node
  linkType: hard

"@napi-rs/wasm-tools-win32-arm64-msvc@npm:0.0.3":
  version: 0.0.3
  resolution: "@napi-rs/wasm-tools-win32-arm64-msvc@npm:0.0.3"
  conditions: os=win32 & cpu=arm64
  languageName: node
  linkType: hard

"@napi-rs/wasm-tools-win32-ia32-msvc@npm:0.0.3":
  version: 0.0.3
  resolution: "@napi-rs/wasm-tools-win32-ia32-msvc@npm:0.0.3"
  conditions: os=win32 & cpu=ia32
  languageName: node
  linkType: hard

"@napi-rs/wasm-tools-win32-x64-msvc@npm:0.0.3":
  version: 0.0.3
  resolution: "@napi-rs/wasm-tools-win32-x64-msvc@npm:0.0.3"
  conditions: os=win32 & cpu=x64
  languageName: node
  linkType: hard

"@napi-rs/wasm-tools@npm:^0.0.3":
  version: 0.0.3
  resolution: "@napi-rs/wasm-tools@npm:0.0.3"
  dependencies:
    "@napi-rs/wasm-tools-android-arm-eabi": "npm:0.0.3"
    "@napi-rs/wasm-tools-android-arm64": "npm:0.0.3"
    "@napi-rs/wasm-tools-darwin-arm64": "npm:0.0.3"
    "@napi-rs/wasm-tools-darwin-x64": "npm:0.0.3"
    "@napi-rs/wasm-tools-freebsd-x64": "npm:0.0.3"
    "@napi-rs/wasm-tools-linux-arm64-gnu": "npm:0.0.3"
    "@napi-rs/wasm-tools-linux-arm64-musl": "npm:0.0.3"
    "@napi-rs/wasm-tools-linux-x64-gnu": "npm:0.0.3"
    "@napi-rs/wasm-tools-linux-x64-musl": "npm:0.0.3"
    "@napi-rs/wasm-tools-wasm32-wasi": "npm:0.0.3"
    "@napi-rs/wasm-tools-win32-arm64-msvc": "npm:0.0.3"
    "@napi-rs/wasm-tools-win32-ia32-msvc": "npm:0.0.3"
    "@napi-rs/wasm-tools-win32-x64-msvc": "npm:0.0.3"
  dependenciesMeta:
    "@napi-rs/wasm-tools-android-arm-eabi":
      optional: true
    "@napi-rs/wasm-tools-android-arm64":
      optional: true
    "@napi-rs/wasm-tools-darwin-arm64":
      optional: true
    "@napi-rs/wasm-tools-darwin-x64":
      optional: true
    "@napi-rs/wasm-tools-freebsd-x64":
      optional: true
    "@napi-rs/wasm-tools-linux-arm64-gnu":
      optional: true
    "@napi-rs/wasm-tools-linux-arm64-musl":
      optional: true
    "@napi-rs/wasm-tools-linux-x64-gnu":
      optional: true
    "@napi-rs/wasm-tools-linux-x64-musl":
      optional: true
    "@napi-rs/wasm-tools-wasm32-wasi":
      optional: true
    "@napi-rs/wasm-tools-win32-arm64-msvc":
      optional: true
    "@napi-rs/wasm-tools-win32-ia32-msvc":
      optional: true
    "@napi-rs/wasm-tools-win32-x64-msvc":
      optional: true
  checksum: 10c0/ad0cf8ea9462a2fb6837666d1fdb4797089176ad8e6838f8fca4326f1f222a136380a4ce8e4366efa26febb0e3404ccb1890314f92751b274a93001368f70fcc
  languageName: node
  linkType: hard

"@octokit/auth-token@npm:^5.0.0":
  version: 5.1.2
  resolution: "@octokit/auth-token@npm:5.1.2"
  checksum: 10c0/bd4952571d9c559ede1f6ef8f7756900256d19df0180db04da88886a05484c7e6a4397611422e4804465a82addc8c2daa21d0bb4f450403552ee81041a4046d1
  languageName: node
  linkType: hard

"@octokit/core@npm:^6.1.4":
  version: 6.1.4
  resolution: "@octokit/core@npm:6.1.4"
  dependencies:
    "@octokit/auth-token": "npm:^5.0.0"
    "@octokit/graphql": "npm:^8.1.2"
    "@octokit/request": "npm:^9.2.1"
    "@octokit/request-error": "npm:^6.1.7"
    "@octokit/types": "npm:^13.6.2"
    before-after-hook: "npm:^3.0.2"
    universal-user-agent: "npm:^7.0.0"
  checksum: 10c0/bcb05e83c54f686ae55bd3793e63a1832f83cbe804586b52c61b0e18942609dcc209af501720de6f2c87dc575047645b074f4cd5822d461e892058ea9654aebc
  languageName: node
  linkType: hard

"@octokit/endpoint@npm:^10.1.3":
  version: 10.1.3
  resolution: "@octokit/endpoint@npm:10.1.3"
  dependencies:
    "@octokit/types": "npm:^13.6.2"
    universal-user-agent: "npm:^7.0.2"
  checksum: 10c0/096956534efee1f683b4749673c2d1673c6fbe5362b9cce553f9f4b956feaf59bde816594de72f4352f749b862d0b15bc0e2fa7fb0e198deb1fe637b5f4a8bc7
  languageName: node
  linkType: hard

"@octokit/graphql@npm:^8.1.2":
  version: 8.2.1
  resolution: "@octokit/graphql@npm:8.2.1"
  dependencies:
    "@octokit/request": "npm:^9.2.2"
    "@octokit/types": "npm:^13.8.0"
    universal-user-agent: "npm:^7.0.0"
  checksum: 10c0/79fe7b50113bef90a32e3b6ee48923cad2afc049aba5c22e44167cf5773e2688a4e953f3ee1e24bee9706ccf7588ae14451933b282f63f1f7d5c95d319df23dd
  languageName: node
  linkType: hard

"@octokit/openapi-types@npm:^23.0.1":
  version: 23.0.1
  resolution: "@octokit/openapi-types@npm:23.0.1"
  checksum: 10c0/ab734ceb26343d9f051a59503b8cb5bdc7fec9ca044b60511b227179bec73141dd9144a6b2d68bcd737741881b136c1b7d5392da89ae2e35e39acc489e5eb4c1
  languageName: node
  linkType: hard

"@octokit/plugin-paginate-rest@npm:^11.4.2":
  version: 11.4.3
  resolution: "@octokit/plugin-paginate-rest@npm:11.4.3"
  dependencies:
    "@octokit/types": "npm:^13.7.0"
  peerDependencies:
    "@octokit/core": ">=6"
  checksum: 10c0/132fa9c4eacec84d8025866775f0325a752a4c7496a61ebafbd72c80626ead44d1efdae738f1dffd70e2bf3a34e007693ea2356fca5c2a1be445ac466231c395
  languageName: node
  linkType: hard

"@octokit/plugin-request-log@npm:^5.3.1":
  version: 5.3.1
  resolution: "@octokit/plugin-request-log@npm:5.3.1"
  peerDependencies:
    "@octokit/core": ">=6"
  checksum: 10c0/2f959934b8285cf39a1d1d0b92ec881b3ae171ae74738225f87b89381afd72a32bc7ea9c04d2dcee74f74ad24c22cce0c5f3e5b4333d531ea67b985e4ee90cb0
  languageName: node
  linkType: hard

"@octokit/plugin-rest-endpoint-methods@npm:^13.3.0":
  version: 13.3.1
  resolution: "@octokit/plugin-rest-endpoint-methods@npm:13.3.1"
  dependencies:
    "@octokit/types": "npm:^13.8.0"
  peerDependencies:
    "@octokit/core": ">=6"
  checksum: 10c0/bb9c16c4a05299ed32d871c170c658db5bb81104a276cc2dda80b8ed3038a467124ef5c7d6f3a170a215197f0507c15915f0dc91f0651233d992cee8a9cf3eb0
  languageName: node
  linkType: hard

"@octokit/request-error@npm:^6.1.7":
  version: 6.1.7
  resolution: "@octokit/request-error@npm:6.1.7"
  dependencies:
    "@octokit/types": "npm:^13.6.2"
  checksum: 10c0/24bd6f98b1d7b2d4062de34777b4195d3cc4dc40c3187a0321dd588291ec5e13b5760765aacdef3a73796a529d3dec0bfb820780be6ef526a3e774d13566b5b0
  languageName: node
  linkType: hard

"@octokit/request@npm:^9.2.1, @octokit/request@npm:^9.2.2":
  version: 9.2.2
  resolution: "@octokit/request@npm:9.2.2"
  dependencies:
    "@octokit/endpoint": "npm:^10.1.3"
    "@octokit/request-error": "npm:^6.1.7"
    "@octokit/types": "npm:^13.6.2"
    fast-content-type-parse: "npm:^2.0.0"
    universal-user-agent: "npm:^7.0.2"
  checksum: 10c0/14cb523c17ed619c63e52025af9fdc67357b63d113905ec0ccb47badd20926e6f37a17a0620d3a906823b496e3b7efb29ed1e2af658cde5daf3ed3f88b421973
  languageName: node
  linkType: hard

"@octokit/rest@npm:^21.0.2":
  version: 21.1.1
  resolution: "@octokit/rest@npm:21.1.1"
  dependencies:
    "@octokit/core": "npm:^6.1.4"
    "@octokit/plugin-paginate-rest": "npm:^11.4.2"
    "@octokit/plugin-request-log": "npm:^5.3.1"
    "@octokit/plugin-rest-endpoint-methods": "npm:^13.3.0"
  checksum: 10c0/59e4fe55942e6f94ff6924934418fbfdee516f6df00889f9417add037c2163b45079a600b6c43449bc824641c9f1b9ac6fe9d3b52a5a1ed3e5e12de697171b78
  languageName: node
  linkType: hard

"@octokit/types@npm:^13.6.2, @octokit/types@npm:^13.7.0, @octokit/types@npm:^13.8.0":
  version: 13.8.0
  resolution: "@octokit/types@npm:13.8.0"
  dependencies:
    "@octokit/openapi-types": "npm:^23.0.1"
  checksum: 10c0/e08c2fcf10e374f18e4c9fa12a6ada33a40f112d1209012a39f0ce40ae7aa9dcf0598b6007b467f63cc4a97e7b1388d6eed34ddef61494655e08b5a95afaad97
  languageName: node
  linkType: hard

"@tybys/wasm-util@npm:^0.9.0":
  version: 0.9.0
  resolution: "@tybys/wasm-util@npm:0.9.0"
  dependencies:
    tslib: "npm:^2.4.0"
  checksum: 10c0/f9fde5c554455019f33af6c8215f1a1435028803dc2a2825b077d812bed4209a1a64444a4ca0ce2ea7e1175c8d88e2f9173a36a33c199e8a5c671aa31de8242d
  languageName: node
  linkType: hard

"ansi-escapes@npm:^4.3.2":
  version: 4.3.2
  resolution: "ansi-escapes@npm:4.3.2"
  dependencies:
    type-fest: "npm:^0.21.3"
  checksum: 10c0/da917be01871525a3dfcf925ae2977bc59e8c513d4423368645634bf5d4ceba5401574eb705c1e92b79f7292af5a656f78c5725a4b0e1cec97c4b413705c1d50
  languageName: node
  linkType: hard

"ansi-regex@npm:^5.0.1":
  version: 5.0.1
  resolution: "ansi-regex@npm:5.0.1"
  checksum: 10c0/9a64bb8627b434ba9327b60c027742e5d17ac69277960d041898596271d992d4d52ba7267a63ca10232e29f6107fc8a835f6ce8d719b88c5f8493f8254813737
  languageName: node
  linkType: hard

"ansi-styles@npm:^4.0.0":
  version: 4.3.0
  resolution: "ansi-styles@npm:4.3.0"
  dependencies:
    color-convert: "npm:^2.0.1"
  checksum: 10c0/895a23929da416f2bd3de7e9cb4eabd340949328ab85ddd6e484a637d8f6820d485f53933446f5291c3b760cbc488beb8e88573dd0f9c7daf83dccc8fe81b041
  languageName: node
  linkType: hard

"argparse@npm:^2.0.1":
  version: 2.0.1
  resolution: "argparse@npm:2.0.1"
  checksum: 10c0/c5640c2d89045371c7cedd6a70212a04e360fd34d6edeae32f6952c63949e3525ea77dbec0289d8213a99bbaeab5abfa860b5c12cf88a2e6cf8106e90dd27a7e
  languageName: node
  linkType: hard

"before-after-hook@npm:^3.0.2":
  version: 3.0.2
  resolution: "before-after-hook@npm:3.0.2"
  checksum: 10c0/dea640f9e88a1085372c9bcc974b7bf379267490693da92ec102a7d8b515dd1e95f00ef575a146b83ca638104c57406c3427d37bdf082f602dde4b56d05bba14
  languageName: node
  linkType: hard

"chardet@npm:^0.7.0":
  version: 0.7.0
  resolution: "chardet@npm:0.7.0"
  checksum: 10c0/96e4731b9ec8050cbb56ab684e8c48d6c33f7826b755802d14e3ebfdc51c57afeece3ea39bc6b09acc359e4363525388b915e16640c1378053820f5e70d0f27d
  languageName: node
  linkType: hard

"cli-width@npm:^4.1.0":
  version: 4.1.0
  resolution: "cli-width@npm:4.1.0"
  checksum: 10c0/1fbd56413578f6117abcaf858903ba1f4ad78370a4032f916745fa2c7e390183a9d9029cf837df320b0fdce8137668e522f60a30a5f3d6529ff3872d265a955f
  languageName: node
  linkType: hard

"clipanion@npm:^3.2.1":
  version: 3.2.1
  resolution: "clipanion@npm:3.2.1"
  dependencies:
    typanion: "npm:^3.8.0"
  peerDependencies:
    typanion: "*"
  checksum: 10c0/6c148bd01ae645031aeb6e9a1a16f3ce07eb754cd9981c91edcab82b09e063b805ac41e4f36039d07602334b6dbba036b030d1807c12acd7f90778a696b7ac6e
  languageName: node
  linkType: hard

"color-convert@npm:^2.0.1":
  version: 2.0.1
  resolution: "color-convert@npm:2.0.1"
  dependencies:
    color-name: "npm:~1.1.4"
  checksum: 10c0/37e1150172f2e311fe1b2df62c6293a342ee7380da7b9cfdba67ea539909afbd74da27033208d01d6d5cfc65ee7868a22e18d7e7648e004425441c0f8a15a7d7
  languageName: node
  linkType: hard

"color-name@npm:~1.1.4":
  version: 1.1.4
  resolution: "color-name@npm:1.1.4"
  checksum: 10c0/a1a3f914156960902f46f7f56bc62effc6c94e84b2cae157a526b1c1f74b677a47ec602bf68a61abfa2b42d15b7c5651c6dbe72a43af720bc588dff885b10f95
  languageName: node
  linkType: hard

"colorette@npm:^2.0.20":
  version: 2.0.20
  resolution: "colorette@npm:2.0.20"
  checksum: 10c0/e94116ff33b0ff56f3b83b9ace895e5bf87c2a7a47b3401b8c3f3226e050d5ef76cf4072fb3325f9dc24d1698f9b730baf4e05eeaf861d74a1883073f4c98a40
  languageName: node
  linkType: hard

"debug@npm:^4.3.7, debug@npm:^4.4.0":
  version: 4.4.0
  resolution: "debug@npm:4.4.0"
  dependencies:
    ms: "npm:^2.1.3"
  peerDependenciesMeta:
    supports-color:
      optional: true
  checksum: 10c0/db94f1a182bf886f57b4755f85b3a74c39b5114b9377b7ab375dc2cfa3454f09490cc6c30f829df3fc8042bc8b8995f6567ce5cd96f3bc3688bd24027197d9de
  languageName: node
  linkType: hard

"emnapi@npm:^1.3.1":
  version: 1.3.1
  resolution: "emnapi@npm:1.3.1"
  peerDependencies:
    node-addon-api: ">= 6.1.0"
  peerDependenciesMeta:
    node-addon-api:
      optional: true
  checksum: 10c0/db471d8ef056f6735a109367068d27d2f2c45d0cf1edc3efcc360485a585ce71130e43012b4d4936302780edbb68e3a23932fe3715114f2ce4229dc7ee0f5f2c
  languageName: node
  linkType: hard

"emoji-regex@npm:^8.0.0":
  version: 8.0.0
  resolution: "emoji-regex@npm:8.0.0"
  checksum: 10c0/b6053ad39951c4cf338f9092d7bfba448cdfd46fe6a2a034700b149ac9ffbc137e361cbd3c442297f86bed2e5f7576c1b54cc0a6bf8ef5106cc62f496af35010
  languageName: node
  linkType: hard

"external-editor@npm:^3.1.0":
  version: 3.1.0
  resolution: "external-editor@npm:3.1.0"
  dependencies:
    chardet: "npm:^0.7.0"
    iconv-lite: "npm:^0.4.24"
    tmp: "npm:^0.0.33"
  checksum: 10c0/c98f1ba3efdfa3c561db4447ff366a6adb5c1e2581462522c56a18bf90dfe4da382f9cd1feee3e330108c3595a854b218272539f311ba1b3298f841eb0fbf339
  languageName: node
  linkType: hard

"fast-content-type-parse@npm:^2.0.0":
  version: 2.0.1
  resolution: "fast-content-type-parse@npm:2.0.1"
  checksum: 10c0/e5ff87d75a35ae4cf377df1dca46ec49e7abbdc8513689676ecdef548b94900b50e66e516e64470035d79b9f7010ef15d98c24d8ae803a881363cc59e0715e19
  languageName: node
  linkType: hard

"iconv-lite@npm:^0.4.24":
  version: 0.4.24
  resolution: "iconv-lite@npm:0.4.24"
  dependencies:
    safer-buffer: "npm:>= 2.1.2 < 3"
  checksum: 10c0/c6886a24cc00f2a059767440ec1bc00d334a89f250db8e0f7feb4961c8727118457e27c495ba94d082e51d3baca378726cd110aaf7ded8b9bbfd6a44760cf1d4
  languageName: node
  linkType: hard

"is-fullwidth-code-point@npm:^3.0.0":
  version: 3.0.0
  resolution: "is-fullwidth-code-point@npm:3.0.0"
  checksum: 10c0/bb11d825e049f38e04c06373a8d72782eee0205bda9d908cc550ccb3c59b99d750ff9537982e01733c1c94a58e35400661f57042158ff5e8f3e90cf936daf0fc
  languageName: node
  linkType: hard

"js-yaml@npm:^4.1.0":
  version: 4.1.0
  resolution: "js-yaml@npm:4.1.0"
  dependencies:
    argparse: "npm:^2.0.1"
  bin:
    js-yaml: bin/js-yaml.js
  checksum: 10c0/184a24b4eaacfce40ad9074c64fd42ac83cf74d8c8cd137718d456ced75051229e5061b8633c3366b8aada17945a7a356b337828c19da92b51ae62126575018f
  languageName: node
  linkType: hard

"lodash-es@npm:^4.17.21":
  version: 4.17.21
  resolution: "lodash-es@npm:4.17.21"
  checksum: 10c0/fb407355f7e6cd523a9383e76e6b455321f0f153a6c9625e21a8827d10c54c2a2341bd2ae8d034358b60e07325e1330c14c224ff582d04612a46a4f0479ff2f2
  languageName: node
  linkType: hard

"mimalloc-example@workspace:.":
  version: 0.0.0-use.local
  resolution: "mimalloc-example@workspace:."
  dependencies:
    "@napi-rs/cli": "npm:canary"
  languageName: unknown
  linkType: soft

"ms@npm:^2.1.3":
  version: 2.1.3
  resolution: "ms@npm:2.1.3"
  checksum: 10c0/d924b57e7312b3b63ad21fc5b3dc0af5e78d61a1fc7cfb5457edaf26326bf62be5307cc87ffb6862ef1c2b33b0233cdb5d4f01c4c958cc0d660948b65a287a48
  languageName: node
  linkType: hard

"mute-stream@npm:^2.0.0":
  version: 2.0.0
  resolution: "mute-stream@npm:2.0.0"
  checksum: 10c0/2cf48a2087175c60c8dcdbc619908b49c07f7adcfc37d29236b0c5c612d6204f789104c98cc44d38acab7b3c96f4a3ec2cfdc4934d0738d876dbefa2a12c69f4
  languageName: node
  linkType: hard

"os-tmpdir@npm:~1.0.2":
  version: 1.0.2
  resolution: "os-tmpdir@npm:1.0.2"
  checksum: 10c0/f438450224f8e2687605a8dd318f0db694b6293c5d835ae509a69e97c8de38b6994645337e5577f5001115470414638978cc49da1cdcc25106dad8738dc69990
  languageName: node
  linkType: hard

"safer-buffer@npm:>= 2.1.2 < 3":
  version: 2.1.2
  resolution: "safer-buffer@npm:2.1.2"
  checksum: 10c0/7e3c8b2e88a1841c9671094bbaeebd94448111dd90a81a1f606f3f67708a6ec57763b3b47f06da09fc6054193e0e6709e77325415dc8422b04497a8070fa02d4
  languageName: node
  linkType: hard

"semver@npm:^7.6.3":
  version: 7.7.1
  resolution: "semver@npm:7.7.1"
  bin:
    semver: bin/semver.js
  checksum: 10c0/fd603a6fb9c399c6054015433051bdbe7b99a940a8fb44b85c2b524c4004b023d7928d47cb22154f8d054ea7ee8597f586605e05b52047f048278e4ac56ae958
  languageName: node
  linkType: hard

"signal-exit@npm:^4.1.0":
  version: 4.1.0
  resolution: "signal-exit@npm:4.1.0"
  checksum: 10c0/41602dce540e46d599edba9d9860193398d135f7ff72cab629db5171516cfae628d21e7bfccde1bbfdf11c48726bc2a6d1a8fb8701125852fbfda7cf19c6aa83
  languageName: node
  linkType: hard

"string-width@npm:^4.1.0":
  version: 4.2.3
  resolution: "string-width@npm:4.2.3"
  dependencies:
    emoji-regex: "npm:^8.0.0"
    is-fullwidth-code-point: "npm:^3.0.0"
    strip-ansi: "npm:^6.0.1"
  checksum: 10c0/1e525e92e5eae0afd7454086eed9c818ee84374bb80328fc41217ae72ff5f065ef1c9d7f72da41de40c75fa8bb3dee63d92373fd492c84260a552c636392a47b
  languageName: node
  linkType: hard

"strip-ansi@npm:^6.0.0, strip-ansi@npm:^6.0.1":
  version: 6.0.1
  resolution: "strip-ansi@npm:6.0.1"
  dependencies:
    ansi-regex: "npm:^5.0.1"
  checksum: 10c0/1ae5f212a126fe5b167707f716942490e3933085a5ff6c008ab97ab2f272c8025d3aa218b7bd6ab25729ca20cc81cddb252102f8751e13482a5199e873680952
  languageName: node
  linkType: hard

"tmp@npm:^0.0.33":
  version: 0.0.33
  resolution: "tmp@npm:0.0.33"
  dependencies:
    os-tmpdir: "npm:~1.0.2"
  checksum: 10c0/69863947b8c29cabad43fe0ce65cec5bb4b481d15d4b4b21e036b060b3edbf3bc7a5541de1bacb437bb3f7c4538f669752627fdf9b4aaf034cebd172ba373408
  languageName: node
  linkType: hard

"toml@npm:^3.0.0":
  version: 3.0.0
  resolution: "toml@npm:3.0.0"
  checksum: 10c0/8d7ed3e700ca602e5419fca343e1c595eb7aa177745141f0761a5b20874b58ee5c878cd045c408da9d130cb2b611c639912210ba96ce2f78e443569aa8060c18
  languageName: node
  linkType: hard

"tslib@npm:^2.4.0":
  version: 2.8.1
  resolution: "tslib@npm:2.8.1"
  checksum: 10c0/9c4759110a19c53f992d9aae23aac5ced636e99887b51b9e61def52611732872ff7668757d4e4c61f19691e36f4da981cd9485e869b4a7408d689f6bf1f14e62
  languageName: node
  linkType: hard

"typanion@npm:^3.14.0, typanion@npm:^3.8.0":
  version: 3.14.0
  resolution: "typanion@npm:3.14.0"
  checksum: 10c0/8b03b19844e6955bfd906c31dc781bae6d7f1fb3ce4fe24b7501557013d4889ae5cefe671dafe98d87ead0adceb8afcb8bc16df7dc0bd2b7331bac96f3a7cae2
  languageName: node
  linkType: hard

"type-fest@npm:^0.21.3":
  version: 0.21.3
  resolution: "type-fest@npm:0.21.3"
  checksum: 10c0/902bd57bfa30d51d4779b641c2bc403cdf1371fb9c91d3c058b0133694fcfdb817aef07a47f40faf79039eecbaa39ee9d3c532deff244f3a19ce68cea71a61e8
  languageName: node
  linkType: hard

"universal-user-agent@npm:^7.0.0, universal-user-agent@npm:^7.0.2":
  version: 7.0.2
  resolution: "universal-user-agent@npm:7.0.2"
  checksum: 10c0/e60517ee929813e6b3ac0ceb3c66deccafadc71341edca160279ff046319c684fd7090a60d63aa61cd34a06c2d2acebeb8c2f8d364244ae7bf8ab788e20cd8c8
  languageName: node
  linkType: hard

"wasm-sjlj@npm:^1.0.5":
  version: 1.0.6
  resolution: "wasm-sjlj@npm:1.0.6"
  checksum: 10c0/e1172736ca02af383e838ce396b6cc7fc8814d7cc313b30b721c513a79140313cebadb094b9e76d13e27cc679cde72df4e660dbdc5033e8cf66cf0bd176024dd
  languageName: node
  linkType: hard

"wrap-ansi@npm:^6.2.0":
  version: 6.2.0
  resolution: "wrap-ansi@npm:6.2.0"
  dependencies:
    ansi-styles: "npm:^4.0.0"
    string-width: "npm:^4.1.0"
    strip-ansi: "npm:^6.0.0"
  checksum: 10c0/baad244e6e33335ea24e86e51868fe6823626e3a3c88d9a6674642afff1d34d9a154c917e74af8d845fd25d170c4ea9cf69a47133c3f3656e1252b3d462d9f6c
  languageName: node
  linkType: hard

"yoctocolors-cjs@npm:^2.1.2":
  version: 2.1.2
  resolution: "yoctocolors-cjs@npm:2.1.2"
  checksum: 10c0/a0e36eb88fea2c7981eab22d1ba45e15d8d268626e6c4143305e2c1628fa17ebfaa40cd306161a8ce04c0a60ee0262058eab12567493d5eb1409780853454c6f
  languageName: node
  linkType: hard
