# This file is generated by running "yarn install" inside your project.
# Manual changes might be lost - proceed with caution!

__metadata:
  version: 10
  cacheKey: 10c0

"@emnapi/core@npm:^1.3.1":
  version: 1.10.0
  resolution: "@emnapi/core@npm:1.10.0"
  dependencies:
    "@emnapi/wasi-threads": "npm:1.2.1"
    tslib: "npm:^2.4.0"
  checksum: 10c0/f51d08227857b60632de7714d708124f0e100a1462dde6df8221760939aa3204a73193830371830fac0716f3ccd2129f2cac1b17cd7d7958bc4da9018a296edb
  languageName: node
  linkType: hard

"@emnapi/core@npm:^1.5.0":
  version: 1.5.0
  resolution: "@emnapi/core@npm:1.5.0"
  dependencies:
    "@emnapi/wasi-threads": "npm:1.1.0"
    tslib: "npm:^2.4.0"
  checksum: 10c0/52ba3485277706d92fa27d92b37e5b4f6ef0742c03ed68f8096f294c6bfa30f0752c82d4c2bfa14bff4dc30d63c9f71a8f9fb64a92743d00807d9e468fafd5ff
  languageName: node
  linkType: hard

"@emnapi/runtime@npm:^1.3.1":
  version: 1.10.0
  resolution: "@emnapi/runtime@npm:1.10.0"
  dependencies:
    tslib: "npm:^2.4.0"
  checksum: 10c0/953f14991d1aefb92ee6f8eb27dea725e484791a53a0cb5f47d9e0087b9a2c929ff2e92adf95af15d6ad456db6300c6b761ebf72b50a875b874a83520b3ba093
  languageName: node
  linkType: hard

"@emnapi/runtime@npm:^1.5.0":
  version: 1.5.0
  resolution: "@emnapi/runtime@npm:1.5.0"
  dependencies:
    tslib: "npm:^2.4.0"
  checksum: 10c0/a85c9fc4e3af49cbe41e5437e5be2551392a931910cd0a5b5d3572532786927810c9cc1db11b232ec8f9657b33d4e6f7c4f985f1a052917d7cd703b5b2a20faa
  languageName: node
  linkType: hard

"@emnapi/wasi-threads@npm:1.1.0":
  version: 1.1.0
  resolution: "@emnapi/wasi-threads@npm:1.1.0"
  dependencies:
    tslib: "npm:^2.4.0"
  checksum: 10c0/e6d54bf2b1e64cdd83d2916411e44e579b6ae35d5def0dea61a3c452d9921373044dff32a8b8473ae60c80692bdc39323e98b96a3f3d87ba6886b24dd0ef7ca1
  languageName: node
  linkType: hard

"@emnapi/wasi-threads@npm:1.2.1":
  version: 1.2.1
  resolution: "@emnapi/wasi-threads@npm:1.2.1"
  dependencies:
    tslib: "npm:^2.4.0"
  checksum: 10c0/32fcfa81ab396533b2ec1f4082b1ff779a05d9c836bbbd3f4398405b0e6814c0d9503b7993130e37bc6941dbc1ded49f55e9700ae9ca4e803bab2b5bc5deb331
  languageName: node
  linkType: hard

"@inquirer/ansi@npm:^2.0.7":
  version: 2.0.7
  resolution: "@inquirer/ansi@npm:2.0.7"
  checksum: 10c0/a574f97a899f0d9346fa26b528b3f4a9ba6dcb9172288efb6b4314d8486470ed53d2f538200f66a25b843c6e0cbf83688c6d5174a8dc6eca853b291b09609c5a
  languageName: node
  linkType: hard

"@inquirer/checkbox@npm:^5.2.1":
  version: 5.2.1
  resolution: "@inquirer/checkbox@npm:5.2.1"
  dependencies:
    "@inquirer/ansi": "npm:^2.0.7"
    "@inquirer/core": "npm:^11.2.1"
    "@inquirer/figures": "npm:^2.0.7"
    "@inquirer/type": "npm:^4.0.7"
  peerDependencies:
    "@types/node": ">=18"
  peerDependenciesMeta:
    "@types/node":
      optional: true
  checksum: 10c0/e3a845156c718fbbec228a0e7fd2a4f10775185615eac1f405b3a2bb2ae607dda6baf178fbd6487db0e12e5e33014536e81acefe65de57cd476a7aeaea6fb35d
  languageName: node
  linkType: hard

"@inquirer/confirm@npm:^6.1.1":
  version: 6.1.1
  resolution: "@inquirer/confirm@npm:6.1.1"
  dependencies:
    "@inquirer/core": "npm:^11.2.1"
    "@inquirer/type": "npm:^4.0.7"
  peerDependencies:
    "@types/node": ">=18"
  peerDependenciesMeta:
    "@types/node":
      optional: true
  checksum: 10c0/4684406161c09327df830b4026f3165b31e13831276d215051586408ed434423263b15686393ce95a4b55058c1b7f9b08aa4b66f5ac930b47523fff75051d36f
  languageName: node
  linkType: hard

"@inquirer/core@npm:^11.2.1":
  version: 11.2.1
  resolution: "@inquirer/core@npm:11.2.1"
  dependencies:
    "@inquirer/ansi": "npm:^2.0.7"
    "@inquirer/figures": "npm:^2.0.7"
    "@inquirer/type": "npm:^4.0.7"
    cli-width: "npm:^4.1.0"
    fast-wrap-ansi: "npm:^0.2.0"
    mute-stream: "npm:^3.0.0"
    signal-exit: "npm:^4.1.0"
  peerDependencies:
    "@types/node": ">=18"
  peerDependenciesMeta:
    "@types/node":
      optional: true
  checksum: 10c0/b5be386cecd9e441ac2f9d3417a6ae1c4658b3ee6cdf5dae791211400f4de158851f81fca2245e2062833716f95366b9e1717770828cb7365e756c16e822f0d2
  languageName: node
  linkType: hard

"@inquirer/editor@npm:^5.2.2":
  version: 5.2.2
  resolution: "@inquirer/editor@npm:5.2.2"
  dependencies:
    "@inquirer/core": "npm:^11.2.1"
    "@inquirer/external-editor": "npm:^3.0.3"
    "@inquirer/type": "npm:^4.0.7"
  peerDependencies:
    "@types/node": ">=18"
  peerDependenciesMeta:
    "@types/node":
      optional: true
  checksum: 10c0/a75e7012aad3ccc3ec84893463ed689924515a6cbaee8e2a475769fb27c12bcf359fcdd5f62e92107fc4be88fd69444c15adf13071982efc140c7015a6604d9a
  languageName: node
  linkType: hard

"@inquirer/expand@npm:^5.1.1":
  version: 5.1.1
  resolution: "@inquirer/expand@npm:5.1.1"
  dependencies:
    "@inquirer/core": "npm:^11.2.1"
    "@inquirer/type": "npm:^4.0.7"
  peerDependencies:
    "@types/node": ">=18"
  peerDependenciesMeta:
    "@types/node":
      optional: true
  checksum: 10c0/4de661a042147759ce351971a4f92010ab66cb76450424e7d8aec5de79b449d14e8751f54f557d0b047180bca2b76707626f4835ee46603c6200139c31b59652
  languageName: node
  linkType: hard

"@inquirer/external-editor@npm:^3.0.3":
  version: 3.0.3
  resolution: "@inquirer/external-editor@npm:3.0.3"
  dependencies:
    chardet: "npm:^2.1.1"
    iconv-lite: "npm:^0.7.2"
  peerDependencies:
    "@types/node": ">=18"
  peerDependenciesMeta:
    "@types/node":
      optional: true
  checksum: 10c0/fc24ddbff15f0874db6498c16d2fe153bb19a670d83605f480486d6ff0ea872ae2f32a548fd555797989db09850fa019a6b5e49a8d40cfee0d7deacad17edc1e
  languageName: node
  linkType: hard

"@inquirer/figures@npm:^2.0.7":
  version: 2.0.7
  resolution: "@inquirer/figures@npm:2.0.7"
  checksum: 10c0/e0573dc9ad25fa3628d5164745e52852d8cd832a9918605b7716df2e37a0005a0aaf40b6d81cef2ca09cb708b200e61b82d1dcd17003f572577e233c19a9ec7b
  languageName: node
  linkType: hard

"@inquirer/input@npm:^5.1.2":
  version: 5.1.2
  resolution: "@inquirer/input@npm:5.1.2"
  dependencies:
    "@inquirer/core": "npm:^11.2.1"
    "@inquirer/type": "npm:^4.0.7"
  peerDependencies:
    "@types/node": ">=18"
  peerDependenciesMeta:
    "@types/node":
      optional: true
  checksum: 10c0/9c3614f8d79fc2bec07a088858a58967a162046c9292b0c6f0c6f63396cf391181cfb54bb636f5b3dce8d23924c24ee4a0310183a493c94190e4750218f3744d
  languageName: node
  linkType: hard

"@inquirer/number@npm:^4.1.1":
  version: 4.1.1
  resolution: "@inquirer/number@npm:4.1.1"
  dependencies:
    "@inquirer/core": "npm:^11.2.1"
    "@inquirer/type": "npm:^4.0.7"
  peerDependencies:
    "@types/node": ">=18"
  peerDependenciesMeta:
    "@types/node":
      optional: true
  checksum: 10c0/06210dd70bf89d35242af43009b5e3f76a5f07d6275a9d842bbed61536032f5f349ecba1c20012975d7b0362deb89746d5903e90f21516da10bfd8c2055829a9
  languageName: node
  linkType: hard

"@inquirer/password@npm:^5.1.1":
  version: 5.1.1
  resolution: "@inquirer/password@npm:5.1.1"
  dependencies:
    "@inquirer/ansi": "npm:^2.0.7"
    "@inquirer/core": "npm:^11.2.1"
    "@inquirer/type": "npm:^4.0.7"
  peerDependencies:
    "@types/node": ">=18"
  peerDependenciesMeta:
    "@types/node":
      optional: true
  checksum: 10c0/e4cb3a53b56743808f83958a8fe85738d721599690a4bc7640eaa07fb8f4765bc6f174e40c16efcc8a5958a7169667e240714a706a36e831f9c7a6822cbe8b55
  languageName: node
  linkType: hard

"@inquirer/prompts@npm:^8.5.2":
  version: 8.5.2
  resolution: "@inquirer/prompts@npm:8.5.2"
  dependencies:
    "@inquirer/checkbox": "npm:^5.2.1"
    "@inquirer/confirm": "npm:^6.1.1"
    "@inquirer/editor": "npm:^5.2.2"
    "@inquirer/expand": "npm:^5.1.1"
    "@inquirer/input": "npm:^5.1.2"
    "@inquirer/number": "npm:^4.1.1"
    "@inquirer/password": "npm:^5.1.1"
    "@inquirer/rawlist": "npm:^5.3.1"
    "@inquirer/search": "npm:^4.2.1"
    "@inquirer/select": "npm:^5.2.1"
  peerDependencies:
    "@types/node": ">=18"
  peerDependenciesMeta:
    "@types/node":
      optional: true
  checksum: 10c0/253b92e31c6a1f8f00a778eda8196bb53fc931723f7db4a03937f38ccd4d07c987766d4f60b9250b5d90bfe30b04747dfa73927a9f6fb886bd48091ccb202535
  languageName: node
  linkType: hard

"@inquirer/rawlist@npm:^5.3.1":
  version: 5.3.1
  resolution: "@inquirer/rawlist@npm:5.3.1"
  dependencies:
    "@inquirer/core": "npm:^11.2.1"
    "@inquirer/type": "npm:^4.0.7"
  peerDependencies:
    "@types/node": ">=18"
  peerDependenciesMeta:
    "@types/node":
      optional: true
  checksum: 10c0/a05eb6a16633bd7b32b3b6b2c1f645e6e28d955475b21ba7222e7e66806b1be15be9f91235b2933e8d27e04fdad81ebfb2d64fc1fc0d4b8d82dcd2718817b2b9
  languageName: node
  linkType: hard

"@inquirer/search@npm:^4.2.1":
  version: 4.2.1
  resolution: "@inquirer/search@npm:4.2.1"
  dependencies:
    "@inquirer/core": "npm:^11.2.1"
    "@inquirer/figures": "npm:^2.0.7"
    "@inquirer/type": "npm:^4.0.7"
  peerDependencies:
    "@types/node": ">=18"
  peerDependenciesMeta:
    "@types/node":
      optional: true
  checksum: 10c0/eae9b2d524aae58266f96987696be22ad62f608661d28763c413f2560094d571a39d72a40630d2470f503ad5e6e50d8c574a653cc028bf79b51104fa91f59a67
  languageName: node
  linkType: hard

"@inquirer/select@npm:^5.2.1":
  version: 5.2.1
  resolution: "@inquirer/select@npm:5.2.1"
  dependencies:
    "@inquirer/ansi": "npm:^2.0.7"
    "@inquirer/core": "npm:^11.2.1"
    "@inquirer/figures": "npm:^2.0.7"
    "@inquirer/type": "npm:^4.0.7"
  peerDependencies:
    "@types/node": ">=18"
  peerDependenciesMeta:
    "@types/node":
      optional: true
  checksum: 10c0/3c6d0151b5a29111254a58eaf8b93bb4c476e68b0751526d8bff61a4bea457bdbe782890ae33977c5d2015f436596b5d32a8bb0677bfdf610f5f5998e65f5a92
  languageName: node
  linkType: hard

"@inquirer/type@npm:^4.0.7":
  version: 4.0.7
  resolution: "@inquirer/type@npm:4.0.7"
  peerDependencies:
    "@types/node": ">=18"
  peerDependenciesMeta:
    "@types/node":
      optional: true
  checksum: 10c0/80678ac1c6e19ce309909e4a54a69adc95697ea3abc2cb92f17b1bc52f4caadbcb4003ae7339fb5a70c0d36d3bde975e1bb4450069662f41c953a0d28695bb70
  languageName: node
  linkType: hard

"@napi-rs/cli@npm:^3.7.2":
  version: 3.7.2
  resolution: "@napi-rs/cli@npm:3.7.2"
  dependencies:
    "@inquirer/prompts": "npm:^8.5.2"
    "@napi-rs/cross-toolchain": "npm:^1.0.3"
    "@napi-rs/wasm-tools": "npm:^1.0.1"
    "@octokit/rest": "npm:^22.0.1"
    clipanion: "npm:^4.0.0-rc.4"
    colorette: "npm:^2.0.20"
    emnapi: "npm:^1.11.1"
    es-toolkit: "npm:^1.47.0"
    js-yaml: "npm:^4.2.0"
    obug: "npm:^2.1.2"
    semver: "npm:^7.8.2"
    typanion: "npm:^3.14.0"
  peerDependencies:
    "@emnapi/runtime": ^1.7.1
  peerDependenciesMeta:
    "@emnapi/runtime":
      optional: true
  bin:
    napi: dist/cli.js
    napi-raw: cli.mjs
  checksum: 10c0/c0ec077d0d2d6cd164e74c8c7a7d8c1075fc0b134ee463b68418f6ffded5a1ef66b3e23a908bb377e02eef7b814bfb3259897e864d1e90000ba2b6af74915b66
  languageName: node
  linkType: hard

"@napi-rs/cross-toolchain@npm:^1.0.3":
  version: 1.0.3
  resolution: "@napi-rs/cross-toolchain@npm:1.0.3"
  dependencies:
    "@napi-rs/lzma": "npm:^1.4.5"
    "@napi-rs/tar": "npm:^1.1.0"
    debug: "npm:^4.4.1"
  peerDependencies:
    "@napi-rs/cross-toolchain-arm64-target-aarch64": ^1.0.3
    "@napi-rs/cross-toolchain-arm64-target-armv7": ^1.0.3
    "@napi-rs/cross-toolchain-arm64-target-ppc64le": ^1.0.3
    "@napi-rs/cross-toolchain-arm64-target-s390x": ^1.0.3
    "@napi-rs/cross-toolchain-arm64-target-x86_64": ^1.0.3
    "@napi-rs/cross-toolchain-x64-target-aarch64": ^1.0.3
    "@napi-rs/cross-toolchain-x64-target-armv7": ^1.0.3
    "@napi-rs/cross-toolchain-x64-target-ppc64le": ^1.0.3
    "@napi-rs/cross-toolchain-x64-target-s390x": ^1.0.3
    "@napi-rs/cross-toolchain-x64-target-x86_64": ^1.0.3
  peerDependenciesMeta:
    "@napi-rs/cross-toolchain-arm64-target-aarch64":
      optional: true
    "@napi-rs/cross-toolchain-arm64-target-armv7":
      optional: true
    "@napi-rs/cross-toolchain-arm64-target-ppc64le":
      optional: true
    "@napi-rs/cross-toolchain-arm64-target-s390x":
      optional: true
    "@napi-rs/cross-toolchain-arm64-target-x86_64":
      optional: true
    "@napi-rs/cross-toolchain-x64-target-aarch64":
      optional: true
    "@napi-rs/cross-toolchain-x64-target-armv7":
      optional: true
    "@napi-rs/cross-toolchain-x64-target-ppc64le":
      optional: true
    "@napi-rs/cross-toolchain-x64-target-s390x":
      optional: true
    "@napi-rs/cross-toolchain-x64-target-x86_64":
      optional: true
  checksum: 10c0/fcc7877c1e47ba6bf4801a4154240d3130703524b1fed17e736126ce58b53960872b9933f8434e3e86b4635e4c7fe881228be0d237210dd96c2087244523750f
  languageName: node
  linkType: hard

"@napi-rs/lzma-android-arm-eabi@npm:1.4.5":
  version: 1.4.5
  resolution: "@napi-rs/lzma-android-arm-eabi@npm:1.4.5"
  conditions: os=android & cpu=arm
  languageName: node
  linkType: hard

"@napi-rs/lzma-android-arm64@npm:1.4.5":
  version: 1.4.5
  resolution: "@napi-rs/lzma-android-arm64@npm:1.4.5"
  conditions: os=android & cpu=arm64
  languageName: node
  linkType: hard

"@napi-rs/lzma-darwin-arm64@npm:1.4.5":
  version: 1.4.5
  resolution: "@napi-rs/lzma-darwin-arm64@npm:1.4.5"
  conditions: os=darwin & cpu=arm64
  languageName: node
  linkType: hard

"@napi-rs/lzma-darwin-x64@npm:1.4.5":
  version: 1.4.5
  resolution: "@napi-rs/lzma-darwin-x64@npm:1.4.5"
  conditions: os=darwin & cpu=x64
  languageName: node
  linkType: hard

"@napi-rs/lzma-freebsd-x64@npm:1.4.5":
  version: 1.4.5
  resolution: "@napi-rs/lzma-freebsd-x64@npm:1.4.5"
  conditions: os=freebsd & cpu=x64
  languageName: node
  linkType: hard

"@napi-rs/lzma-linux-arm-gnueabihf@npm:1.4.5":
  version: 1.4.5
  resolution: "@napi-rs/lzma-linux-arm-gnueabihf@npm:1.4.5"
  conditions: os=linux & cpu=arm
  languageName: node
  linkType: hard

"@napi-rs/lzma-linux-arm64-gnu@npm:1.4.5":
  version: 1.4.5
  resolution: "@napi-rs/lzma-linux-arm64-gnu@npm:1.4.5"
  conditions: os=linux & cpu=arm64 & libc=glibc
  languageName: node
  linkType: hard

"@napi-rs/lzma-linux-arm64-musl@npm:1.4.5":
  version: 1.4.5
  resolution: "@napi-rs/lzma-linux-arm64-musl@npm:1.4.5"
  conditions: os=linux & cpu=arm64 & libc=musl
  languageName: node
  linkType: hard

"@napi-rs/lzma-linux-ppc64-gnu@npm:1.4.5":
  version: 1.4.5
  resolution: "@napi-rs/lzma-linux-ppc64-gnu@npm:1.4.5"
  conditions: os=linux & cpu=ppc64 & libc=glibc
  languageName: node
  linkType: hard

"@napi-rs/lzma-linux-riscv64-gnu@npm:1.4.5":
  version: 1.4.5
  resolution: "@napi-rs/lzma-linux-riscv64-gnu@npm:1.4.5"
  conditions: os=linux & cpu=riscv64 & libc=glibc
  languageName: node
  linkType: hard

"@napi-rs/lzma-linux-s390x-gnu@npm:1.4.5":
  version: 1.4.5
  resolution: "@napi-rs/lzma-linux-s390x-gnu@npm:1.4.5"
  conditions: os=linux & cpu=s390x & libc=glibc
  languageName: node
  linkType: hard

"@napi-rs/lzma-linux-x64-gnu@npm:1.4.5":
  version: 1.4.5
  resolution: "@napi-rs/lzma-linux-x64-gnu@npm:1.4.5"
  conditions: os=linux & cpu=x64 & libc=glibc
  languageName: node
  linkType: hard

"@napi-rs/lzma-linux-x64-musl@npm:1.4.5":
  version: 1.4.5
  resolution: "@napi-rs/lzma-linux-x64-musl@npm:1.4.5"
  conditions: os=linux & cpu=x64 & libc=musl
  languageName: node
  linkType: hard

"@napi-rs/lzma-wasm32-wasi@npm:1.4.5":
  version: 1.4.5
  resolution: "@napi-rs/lzma-wasm32-wasi@npm:1.4.5"
  dependencies:
    "@napi-rs/wasm-runtime": "npm:^1.0.3"
  conditions: cpu=wasm32
  languageName: node
  linkType: hard

"@napi-rs/lzma-win32-arm64-msvc@npm:1.4.5":
  version: 1.4.5
  resolution: "@napi-rs/lzma-win32-arm64-msvc@npm:1.4.5"
  conditions: os=win32 & cpu=arm64
  languageName: node
  linkType: hard

"@napi-rs/lzma-win32-ia32-msvc@npm:1.4.5":
  version: 1.4.5
  resolution: "@napi-rs/lzma-win32-ia32-msvc@npm:1.4.5"
  conditions: os=win32 & cpu=ia32
  languageName: node
  linkType: hard

"@napi-rs/lzma-win32-x64-msvc@npm:1.4.5":
  version: 1.4.5
  resolution: "@napi-rs/lzma-win32-x64-msvc@npm:1.4.5"
  conditions: os=win32 & cpu=x64
  languageName: node
  linkType: hard

"@napi-rs/lzma@npm:^1.4.5":
  version: 1.4.5
  resolution: "@napi-rs/lzma@npm:1.4.5"
  dependencies:
    "@napi-rs/lzma-android-arm-eabi": "npm:1.4.5"
    "@napi-rs/lzma-android-arm64": "npm:1.4.5"
    "@napi-rs/lzma-darwin-arm64": "npm:1.4.5"
    "@napi-rs/lzma-darwin-x64": "npm:1.4.5"
    "@napi-rs/lzma-freebsd-x64": "npm:1.4.5"
    "@napi-rs/lzma-linux-arm-gnueabihf": "npm:1.4.5"
    "@napi-rs/lzma-linux-arm64-gnu": "npm:1.4.5"
    "@napi-rs/lzma-linux-arm64-musl": "npm:1.4.5"
    "@napi-rs/lzma-linux-ppc64-gnu": "npm:1.4.5"
    "@napi-rs/lzma-linux-riscv64-gnu": "npm:1.4.5"
    "@napi-rs/lzma-linux-s390x-gnu": "npm:1.4.5"
    "@napi-rs/lzma-linux-x64-gnu": "npm:1.4.5"
    "@napi-rs/lzma-linux-x64-musl": "npm:1.4.5"
    "@napi-rs/lzma-wasm32-wasi": "npm:1.4.5"
    "@napi-rs/lzma-win32-arm64-msvc": "npm:1.4.5"
    "@napi-rs/lzma-win32-ia32-msvc": "npm:1.4.5"
    "@napi-rs/lzma-win32-x64-msvc": "npm:1.4.5"
  dependenciesMeta:
    "@napi-rs/lzma-android-arm-eabi":
      optional: true
    "@napi-rs/lzma-android-arm64":
      optional: true
    "@napi-rs/lzma-darwin-arm64":
      optional: true
    "@napi-rs/lzma-darwin-x64":
      optional: true
    "@napi-rs/lzma-freebsd-x64":
      optional: true
    "@napi-rs/lzma-linux-arm-gnueabihf":
      optional: true
    "@napi-rs/lzma-linux-arm64-gnu":
      optional: true
    "@napi-rs/lzma-linux-arm64-musl":
      optional: true
    "@napi-rs/lzma-linux-ppc64-gnu":
      optional: true
    "@napi-rs/lzma-linux-riscv64-gnu":
      optional: true
    "@napi-rs/lzma-linux-s390x-gnu":
      optional: true
    "@napi-rs/lzma-linux-x64-gnu":
      optional: true
    "@napi-rs/lzma-linux-x64-musl":
      optional: true
    "@napi-rs/lzma-wasm32-wasi":
      optional: true
    "@napi-rs/lzma-win32-arm64-msvc":
      optional: true
    "@napi-rs/lzma-win32-ia32-msvc":
      optional: true
    "@napi-rs/lzma-win32-x64-msvc":
      optional: true
  checksum: 10c0/df098c99f904b54541e3a34feeb5878c98a4abf1ababf1d301d903b99d98402fff5eda49e1dd103bb4bf44a9217a5e1b17fb30b74044416561f8fe02ca098ee3
  languageName: node
  linkType: hard

"@napi-rs/tar-android-arm-eabi@npm:1.1.0":
  version: 1.1.0
  resolution: "@napi-rs/tar-android-arm-eabi@npm:1.1.0"
  conditions: os=android & cpu=arm
  languageName: node
  linkType: hard

"@napi-rs/tar-android-arm64@npm:1.1.0":
  version: 1.1.0
  resolution: "@napi-rs/tar-android-arm64@npm:1.1.0"
  conditions: os=android & cpu=arm64
  languageName: node
  linkType: hard

"@napi-rs/tar-darwin-arm64@npm:1.1.0":
  version: 1.1.0
  resolution: "@napi-rs/tar-darwin-arm64@npm:1.1.0"
  conditions: os=darwin & cpu=arm64
  languageName: node
  linkType: hard

"@napi-rs/tar-darwin-x64@npm:1.1.0":
  version: 1.1.0
  resolution: "@napi-rs/tar-darwin-x64@npm:1.1.0"
  conditions: os=darwin & cpu=x64
  languageName: node
  linkType: hard

"@napi-rs/tar-freebsd-x64@npm:1.1.0":
  version: 1.1.0
  resolution: "@napi-rs/tar-freebsd-x64@npm:1.1.0"
  conditions: os=freebsd & cpu=x64
  languageName: node
  linkType: hard

"@napi-rs/tar-linux-arm-gnueabihf@npm:1.1.0":
  version: 1.1.0
  resolution: "@napi-rs/tar-linux-arm-gnueabihf@npm:1.1.0"
  conditions: os=linux & cpu=arm
  languageName: node
  linkType: hard

"@napi-rs/tar-linux-arm64-gnu@npm:1.1.0":
  version: 1.1.0
  resolution: "@napi-rs/tar-linux-arm64-gnu@npm:1.1.0"
  conditions: os=linux & cpu=arm64 & libc=glibc
  languageName: node
  linkType: hard

"@napi-rs/tar-linux-arm64-musl@npm:1.1.0":
  version: 1.1.0
  resolution: "@napi-rs/tar-linux-arm64-musl@npm:1.1.0"
  conditions: os=linux & cpu=arm64 & libc=musl
  languageName: node
  linkType: hard

"@napi-rs/tar-linux-ppc64-gnu@npm:1.1.0":
  version: 1.1.0
  resolution: "@napi-rs/tar-linux-ppc64-gnu@npm:1.1.0"
  conditions: os=linux & cpu=ppc64 & libc=glibc
  languageName: node
  linkType: hard

"@napi-rs/tar-linux-s390x-gnu@npm:1.1.0":
  version: 1.1.0
  resolution: "@napi-rs/tar-linux-s390x-gnu@npm:1.1.0"
  conditions: os=linux & cpu=s390x & libc=glibc
  languageName: node
  linkType: hard

"@napi-rs/tar-linux-x64-gnu@npm:1.1.0":
  version: 1.1.0
  resolution: "@napi-rs/tar-linux-x64-gnu@npm:1.1.0"
  conditions: os=linux & cpu=x64 & libc=glibc
  languageName: node
  linkType: hard

"@napi-rs/tar-linux-x64-musl@npm:1.1.0":
  version: 1.1.0
  resolution: "@napi-rs/tar-linux-x64-musl@npm:1.1.0"
  conditions: os=linux & cpu=x64 & libc=musl
  languageName: node
  linkType: hard

"@napi-rs/tar-wasm32-wasi@npm:1.1.0":
  version: 1.1.0
  resolution: "@napi-rs/tar-wasm32-wasi@npm:1.1.0"
  dependencies:
    "@napi-rs/wasm-runtime": "npm:^1.0.3"
  conditions: cpu=wasm32
  languageName: node
  linkType: hard

"@napi-rs/tar-win32-arm64-msvc@npm:1.1.0":
  version: 1.1.0
  resolution: "@napi-rs/tar-win32-arm64-msvc@npm:1.1.0"
  conditions: os=win32 & cpu=arm64
  languageName: node
  linkType: hard

"@napi-rs/tar-win32-ia32-msvc@npm:1.1.0":
  version: 1.1.0
  resolution: "@napi-rs/tar-win32-ia32-msvc@npm:1.1.0"
  conditions: os=win32 & cpu=ia32
  languageName: node
  linkType: hard

"@napi-rs/tar-win32-x64-msvc@npm:1.1.0":
  version: 1.1.0
  resolution: "@napi-rs/tar-win32-x64-msvc@npm:1.1.0"
  conditions: os=win32 & cpu=x64
  languageName: node
  linkType: hard

"@napi-rs/tar@npm:^1.1.0":
  version: 1.1.0
  resolution: "@napi-rs/tar@npm:1.1.0"
  dependencies:
    "@napi-rs/tar-android-arm-eabi": "npm:1.1.0"
    "@napi-rs/tar-android-arm64": "npm:1.1.0"
    "@napi-rs/tar-darwin-arm64": "npm:1.1.0"
    "@napi-rs/tar-darwin-x64": "npm:1.1.0"
    "@napi-rs/tar-freebsd-x64": "npm:1.1.0"
    "@napi-rs/tar-linux-arm-gnueabihf": "npm:1.1.0"
    "@napi-rs/tar-linux-arm64-gnu": "npm:1.1.0"
    "@napi-rs/tar-linux-arm64-musl": "npm:1.1.0"
    "@napi-rs/tar-linux-ppc64-gnu": "npm:1.1.0"
    "@napi-rs/tar-linux-s390x-gnu": "npm:1.1.0"
    "@napi-rs/tar-linux-x64-gnu": "npm:1.1.0"
    "@napi-rs/tar-linux-x64-musl": "npm:1.1.0"
    "@napi-rs/tar-wasm32-wasi": "npm:1.1.0"
    "@napi-rs/tar-win32-arm64-msvc": "npm:1.1.0"
    "@napi-rs/tar-win32-ia32-msvc": "npm:1.1.0"
    "@napi-rs/tar-win32-x64-msvc": "npm:1.1.0"
  dependenciesMeta:
    "@napi-rs/tar-android-arm-eabi":
      optional: true
    "@napi-rs/tar-android-arm64":
      optional: true
    "@napi-rs/tar-darwin-arm64":
      optional: true
    "@napi-rs/tar-darwin-x64":
      optional: true
    "@napi-rs/tar-freebsd-x64":
      optional: true
    "@napi-rs/tar-linux-arm-gnueabihf":
      optional: true
    "@napi-rs/tar-linux-arm64-gnu":
      optional: true
    "@napi-rs/tar-linux-arm64-musl":
      optional: true
    "@napi-rs/tar-linux-ppc64-gnu":
      optional: true
    "@napi-rs/tar-linux-s390x-gnu":
      optional: true
    "@napi-rs/tar-linux-x64-gnu":
      optional: true
    "@napi-rs/tar-linux-x64-musl":
      optional: true
    "@napi-rs/tar-wasm32-wasi":
      optional: true
    "@napi-rs/tar-win32-arm64-msvc":
      optional: true
    "@napi-rs/tar-win32-ia32-msvc":
      optional: true
    "@napi-rs/tar-win32-x64-msvc":
      optional: true
  checksum: 10c0/88a0ab081eacfa235266f14a0bc408b7581058b1f7e18b118c6f8e7012cca0dd91c5baf5de84e1d2eb8070386a7380aa4d8dedfc6f81e24ae9d0287ff50ae153
  languageName: node
  linkType: hard

"@napi-rs/wasm-runtime@npm:^1.0.3":
  version: 1.0.4
  resolution: "@napi-rs/wasm-runtime@npm:1.0.4"
  dependencies:
    "@emnapi/core": "npm:^1.5.0"
    "@emnapi/runtime": "npm:^1.5.0"
    "@tybys/wasm-util": "npm:^0.10.0"
  checksum: 10c0/69a2f45032bada5a648ccc2b8169d187289d40840e2e8771cb6745fa1bc683e8bd614e4eafe4ac9245e8142e249f9b074359fdd687d7a10498c524a0b63e613e
  languageName: node
  linkType: hard

"@napi-rs/wasm-tools-android-arm-eabi@npm:1.0.1":
  version: 1.0.1
  resolution: "@napi-rs/wasm-tools-android-arm-eabi@npm:1.0.1"
  conditions: os=android & cpu=arm
  languageName: node
  linkType: hard

"@napi-rs/wasm-tools-android-arm64@npm:1.0.1":
  version: 1.0.1
  resolution: "@napi-rs/wasm-tools-android-arm64@npm:1.0.1"
  conditions: os=android & cpu=arm64
  languageName: node
  linkType: hard

"@napi-rs/wasm-tools-darwin-arm64@npm:1.0.1":
  version: 1.0.1
  resolution: "@napi-rs/wasm-tools-darwin-arm64@npm:1.0.1"
  conditions: os=darwin & cpu=arm64
  languageName: node
  linkType: hard

"@napi-rs/wasm-tools-darwin-x64@npm:1.0.1":
  version: 1.0.1
  resolution: "@napi-rs/wasm-tools-darwin-x64@npm:1.0.1"
  conditions: os=darwin & cpu=x64
  languageName: node
  linkType: hard

"@napi-rs/wasm-tools-freebsd-x64@npm:1.0.1":
  version: 1.0.1
  resolution: "@napi-rs/wasm-tools-freebsd-x64@npm:1.0.1"
  conditions: os=freebsd & cpu=x64
  languageName: node
  linkType: hard

"@napi-rs/wasm-tools-linux-arm64-gnu@npm:1.0.1":
  version: 1.0.1
  resolution: "@napi-rs/wasm-tools-linux-arm64-gnu@npm:1.0.1"
  conditions: os=linux & cpu=arm64 & libc=glibc
  languageName: node
  linkType: hard

"@napi-rs/wasm-tools-linux-arm64-musl@npm:1.0.1":
  version: 1.0.1
  resolution: "@napi-rs/wasm-tools-linux-arm64-musl@npm:1.0.1"
  conditions: os=linux & cpu=arm64 & libc=musl
  languageName: node
  linkType: hard

"@napi-rs/wasm-tools-linux-x64-gnu@npm:1.0.1":
  version: 1.0.1
  resolution: "@napi-rs/wasm-tools-linux-x64-gnu@npm:1.0.1"
  conditions: os=linux & cpu=x64 & libc=glibc
  languageName: node
  linkType: hard

"@napi-rs/wasm-tools-linux-x64-musl@npm:1.0.1":
  version: 1.0.1
  resolution: "@napi-rs/wasm-tools-linux-x64-musl@npm:1.0.1"
  conditions: os=linux & cpu=x64 & libc=musl
  languageName: node
  linkType: hard

"@napi-rs/wasm-tools-wasm32-wasi@npm:1.0.1":
  version: 1.0.1
  resolution: "@napi-rs/wasm-tools-wasm32-wasi@npm:1.0.1"
  dependencies:
    "@napi-rs/wasm-runtime": "npm:^1.0.3"
  conditions: cpu=wasm32
  languageName: node
  linkType: hard

"@napi-rs/wasm-tools-win32-arm64-msvc@npm:1.0.1":
  version: 1.0.1
  resolution: "@napi-rs/wasm-tools-win32-arm64-msvc@npm:1.0.1"
  conditions: os=win32 & cpu=arm64
  languageName: node
  linkType: hard

"@napi-rs/wasm-tools-win32-ia32-msvc@npm:1.0.1":
  version: 1.0.1
  resolution: "@napi-rs/wasm-tools-win32-ia32-msvc@npm:1.0.1"
  conditions: os=win32 & cpu=ia32
  languageName: node
  linkType: hard

"@napi-rs/wasm-tools-win32-x64-msvc@npm:1.0.1":
  version: 1.0.1
  resolution: "@napi-rs/wasm-tools-win32-x64-msvc@npm:1.0.1"
  conditions: os=win32 & cpu=x64
  languageName: node
  linkType: hard

"@napi-rs/wasm-tools@npm:^1.0.1":
  version: 1.0.1
  resolution: "@napi-rs/wasm-tools@npm:1.0.1"
  dependencies:
    "@napi-rs/wasm-tools-android-arm-eabi": "npm:1.0.1"
    "@napi-rs/wasm-tools-android-arm64": "npm:1.0.1"
    "@napi-rs/wasm-tools-darwin-arm64": "npm:1.0.1"
    "@napi-rs/wasm-tools-darwin-x64": "npm:1.0.1"
    "@napi-rs/wasm-tools-freebsd-x64": "npm:1.0.1"
    "@napi-rs/wasm-tools-linux-arm64-gnu": "npm:1.0.1"
    "@napi-rs/wasm-tools-linux-arm64-musl": "npm:1.0.1"
    "@napi-rs/wasm-tools-linux-x64-gnu": "npm:1.0.1"
    "@napi-rs/wasm-tools-linux-x64-musl": "npm:1.0.1"
    "@napi-rs/wasm-tools-wasm32-wasi": "npm:1.0.1"
    "@napi-rs/wasm-tools-win32-arm64-msvc": "npm:1.0.1"
    "@napi-rs/wasm-tools-win32-ia32-msvc": "npm:1.0.1"
    "@napi-rs/wasm-tools-win32-x64-msvc": "npm:1.0.1"
  dependenciesMeta:
    "@napi-rs/wasm-tools-android-arm-eabi":
      optional: true
    "@napi-rs/wasm-tools-android-arm64":
      optional: true
    "@napi-rs/wasm-tools-darwin-arm64":
      optional: true
    "@napi-rs/wasm-tools-darwin-x64":
      optional: true
    "@napi-rs/wasm-tools-freebsd-x64":
      optional: true
    "@napi-rs/wasm-tools-linux-arm64-gnu":
      optional: true
    "@napi-rs/wasm-tools-linux-arm64-musl":
      optional: true
    "@napi-rs/wasm-tools-linux-x64-gnu":
      optional: true
    "@napi-rs/wasm-tools-linux-x64-musl":
      optional: true
    "@napi-rs/wasm-tools-wasm32-wasi":
      optional: true
    "@napi-rs/wasm-tools-win32-arm64-msvc":
      optional: true
    "@napi-rs/wasm-tools-win32-ia32-msvc":
      optional: true
    "@napi-rs/wasm-tools-win32-x64-msvc":
      optional: true
  checksum: 10c0/bee9258e0b16a2415acc57d9aa281fa50402b38f631aea28e3a8ecd16415cdfffade63313bca777e85c3a73b80cce899ac3dd35eba9104951d7da1eb28913122
  languageName: node
  linkType: hard

"@octokit/auth-token@npm:^6.0.0":
  version: 6.0.0
  resolution: "@octokit/auth-token@npm:6.0.0"
  checksum: 10c0/32ecc904c5f6f4e5d090bfcc679d70318690c0a0b5040cd9a25811ad9dcd44c33f2cf96b6dbee1cd56cf58fde28fb1819c01b58718aa5c971f79c822357cb5c0
  languageName: node
  linkType: hard

"@octokit/core@npm:^7.0.6":
  version: 7.0.6
  resolution: "@octokit/core@npm:7.0.6"
  dependencies:
    "@octokit/auth-token": "npm:^6.0.0"
    "@octokit/graphql": "npm:^9.0.3"
    "@octokit/request": "npm:^10.0.6"
    "@octokit/request-error": "npm:^7.0.2"
    "@octokit/types": "npm:^16.0.0"
    before-after-hook: "npm:^4.0.0"
    universal-user-agent: "npm:^7.0.0"
  checksum: 10c0/95a328ff7c7223d9eb4aa778c63171828514ae0e0f588d33beb81a4dc03bbeae055382f6060ce23c979ab46272409942ff2cf3172109999e48429c47055b1fbe
  languageName: node
  linkType: hard

"@octokit/endpoint@npm:^11.0.2":
  version: 11.0.2
  resolution: "@octokit/endpoint@npm:11.0.2"
  dependencies:
    "@octokit/types": "npm:^16.0.0"
    universal-user-agent: "npm:^7.0.2"
  checksum: 10c0/878ac12fbccff772968689b4744590677c5a3f12bebe31544832c84761bf1c6be521e8a3af07abffc9455a74dd4d1f350d714fc46fd7ce14a0a2b5f2d4e3a84c
  languageName: node
  linkType: hard

"@octokit/graphql@npm:^9.0.3":
  version: 9.0.3
  resolution: "@octokit/graphql@npm:9.0.3"
  dependencies:
    "@octokit/request": "npm:^10.0.6"
    "@octokit/types": "npm:^16.0.0"
    universal-user-agent: "npm:^7.0.0"
  checksum: 10c0/58588d3fb2834f64244fa5376ca7922a30117b001b621e141fab0d52806370803ab0c046ac99b120fa5f45b770f52a815157fb6ffc147fc6c1da4047c1f1af49
  languageName: node
  linkType: hard

"@octokit/openapi-types@npm:^27.0.0":
  version: 27.0.0
  resolution: "@octokit/openapi-types@npm:27.0.0"
  checksum: 10c0/602d1de033da180a2e982cdbd3646bd5b2e16ecf36b9955a0f23e37ae9e6cb086abb48ff2ae6f2de000fce03e8ae9051794611ae4a95a8f5f6fb63276e7b8e31
  languageName: node
  linkType: hard

"@octokit/plugin-paginate-rest@npm:^14.0.0":
  version: 14.0.0
  resolution: "@octokit/plugin-paginate-rest@npm:14.0.0"
  dependencies:
    "@octokit/types": "npm:^16.0.0"
  peerDependencies:
    "@octokit/core": ">=6"
  checksum: 10c0/841d79d4ccfe18fc809a4a67529b75c1dcdda13399bf4bf5b48ce7559c8b4b2cd422e3204bad4cbdea31c0cf0943521067415268e5bcfc615a3b813e058cad6b
  languageName: node
  linkType: hard

"@octokit/plugin-request-log@npm:^6.0.0":
  version: 6.0.0
  resolution: "@octokit/plugin-request-log@npm:6.0.0"
  peerDependencies:
    "@octokit/core": ">=6"
  checksum: 10c0/40e46ad0c77235742d0bf698ab4e17df1ae06e0d7824ffc5867ed71e27de860875adb73d89629b823fe8647459a8f262c26ed1aa6ee374873fa94095f37df0bb
  languageName: node
  linkType: hard

"@octokit/plugin-rest-endpoint-methods@npm:^17.0.0":
  version: 17.0.0
  resolution: "@octokit/plugin-rest-endpoint-methods@npm:17.0.0"
  dependencies:
    "@octokit/types": "npm:^16.0.0"
  peerDependencies:
    "@octokit/core": ">=6"
  checksum: 10c0/cf9984d7cf6a36ff7ff1b86078ae45fe246e3df10fcef0bccf20c8cfd27bf5e7d98dcb9cf5a7b56332b9c6fa30be28d159c2987d272a4758f77056903d94402f
  languageName: node
  linkType: hard

"@octokit/request-error@npm:^7.0.2":
  version: 7.1.0
  resolution: "@octokit/request-error@npm:7.1.0"
  dependencies:
    "@octokit/types": "npm:^16.0.0"
  checksum: 10c0/62b90a54545c36a30b5ffdda42e302c751be184d85b68ffc7f1242c51d7ca54dbd185b7d0027b491991776923a910c85c9c51269fe0d86111bac187507a5abc4
  languageName: node
  linkType: hard

"@octokit/request@npm:^10.0.6":
  version: 10.0.7
  resolution: "@octokit/request@npm:10.0.7"
  dependencies:
    "@octokit/endpoint": "npm:^11.0.2"
    "@octokit/request-error": "npm:^7.0.2"
    "@octokit/types": "npm:^16.0.0"
    fast-content-type-parse: "npm:^3.0.0"
    universal-user-agent: "npm:^7.0.2"
  checksum: 10c0/f789a75bf681b204ccd3d538921db662e148ed980005158d80ec4f16811e9ab73f375d4f30ef697852abd748a62f025060ea1b0c5198ec9c2e8d04e355064390
  languageName: node
  linkType: hard

"@octokit/rest@npm:^22.0.1":
  version: 22.0.1
  resolution: "@octokit/rest@npm:22.0.1"
  dependencies:
    "@octokit/core": "npm:^7.0.6"
    "@octokit/plugin-paginate-rest": "npm:^14.0.0"
    "@octokit/plugin-request-log": "npm:^6.0.0"
    "@octokit/plugin-rest-endpoint-methods": "npm:^17.0.0"
  checksum: 10c0/f3abd84e887cc837973214ce70720a9bba53f5575f40601c6122aa25206e9055d859c0388437f0a137f6cd0e4ff405e1b46b903475b0db32a17bada0c6513d5b
  languageName: node
  linkType: hard

"@octokit/types@npm:^16.0.0":
  version: 16.0.0
  resolution: "@octokit/types@npm:16.0.0"
  dependencies:
    "@octokit/openapi-types": "npm:^27.0.0"
  checksum: 10c0/b8d41098ba6fc194d13d641f9441347e3a3b96c0efabac0e14f57319340a2d4d1c8676e4cb37ab3062c5c323c617e790b0126916e9bf7b201b0cced0826f8ae2
  languageName: node
  linkType: hard

"@tybys/wasm-util@npm:^0.10.0":
  version: 0.10.0
  resolution: "@tybys/wasm-util@npm:0.10.0"
  dependencies:
    tslib: "npm:^2.4.0"
  checksum: 10c0/044feba55c1e2af703aa4946139969badb183ce1a659a75ed60bc195a90e73a3f3fc53bcd643497c9954597763ddb051fec62f80962b2ca6fc716ba897dc696e
  languageName: node
  linkType: hard

"argparse@npm:^2.0.1":
  version: 2.0.1
  resolution: "argparse@npm:2.0.1"
  checksum: 10c0/c5640c2d89045371c7cedd6a70212a04e360fd34d6edeae32f6952c63949e3525ea77dbec0289d8213a99bbaeab5abfa860b5c12cf88a2e6cf8106e90dd27a7e
  languageName: node
  linkType: hard

"before-after-hook@npm:^4.0.0":
  version: 4.0.0
  resolution: "before-after-hook@npm:4.0.0"
  checksum: 10c0/9f8ae8d1b06142bcfb9ef6625226b5e50348bb11210f266660eddcf9734e0db6f9afc4cb48397ee3f5ac0a3728f3ae401cdeea88413f7bed748a71db84657be2
  languageName: node
  linkType: hard

"chardet@npm:^2.1.1":
  version: 2.1.1
  resolution: "chardet@npm:2.1.1"
  checksum: 10c0/d8391dd412338442b3de0d3a488aa9327f8bcf74b62b8723d6bd0b85c4084d50b731320e0a7c710edb1d44de75969995d2784b80e4c13b004a6c7a0db4c6e793
  languageName: node
  linkType: hard

"cli-width@npm:^4.1.0":
  version: 4.1.0
  resolution: "cli-width@npm:4.1.0"
  checksum: 10c0/1fbd56413578f6117abcaf858903ba1f4ad78370a4032f916745fa2c7e390183a9d9029cf837df320b0fdce8137668e522f60a30a5f3d6529ff3872d265a955f
  languageName: node
  linkType: hard

"clipanion@npm:^4.0.0-rc.4":
  version: 4.0.0-rc.4
  resolution: "clipanion@npm:4.0.0-rc.4"
  dependencies:
    typanion: "npm:^3.8.0"
  peerDependencies:
    typanion: "*"
  checksum: 10c0/047b415b59a5e9777d00690fba563ccc850eca6bf27790a88d1deea3ecc8a89840ae9aed554ff284cc698a9f3f20256e43c25ff4a7c4c90a71e5e7d9dca61dd1
  languageName: node
  linkType: hard

"colorette@npm:^2.0.20":
  version: 2.0.20
  resolution: "colorette@npm:2.0.20"
  checksum: 10c0/e94116ff33b0ff56f3b83b9ace895e5bf87c2a7a47b3401b8c3f3226e050d5ef76cf4072fb3325f9dc24d1698f9b730baf4e05eeaf861d74a1883073f4c98a40
  languageName: node
  linkType: hard

"debug@npm:^4.4.1":
  version: 4.4.1
  resolution: "debug@npm:4.4.1"
  dependencies:
    ms: "npm:^2.1.3"
  peerDependenciesMeta:
    supports-color:
      optional: true
  checksum: 10c0/d2b44bc1afd912b49bb7ebb0d50a860dc93a4dd7d946e8de94abc957bb63726b7dd5aa48c18c2386c379ec024c46692e15ed3ed97d481729f929201e671fcd55
  languageName: node
  linkType: hard

"emnapi@npm:^1.11.1":
  version: 1.11.1
  resolution: "emnapi@npm:1.11.1"
  peerDependencies:
    node-addon-api: ">= 6.1.0"
  peerDependenciesMeta:
    node-addon-api:
      optional: true
  checksum: 10c0/936a7de68b2466c59c5333b65735154ff8db16d45642af12d9fd6ff10d7e3a03c54f1101ddfb960f3f53dc393a5c38a8326beeb32962fc7a92b25c77d7047f39
  languageName: node
  linkType: hard

"es-toolkit@npm:^1.47.0":
  version: 1.47.1
  resolution: "es-toolkit@npm:1.47.1"
  dependenciesMeta:
    "@trivago/prettier-plugin-sort-imports@4.3.0":
      unplugged: true
    prettier-plugin-sort-re-exports@0.0.1:
      unplugged: true
    vitepress-plugin-sandpack@1.1.4:
      unplugged: true
  checksum: 10c0/d6dff140a71e15d22209f8482f1ce34bab433f449e569c28b9c535963b18b2c3b89b00d7cf7156b5c74cace4c5f96283f0a5fee3be8802dd2cf7481da90cfe0a
  languageName: node
  linkType: hard

"fast-content-type-parse@npm:^3.0.0":
  version: 3.0.0
  resolution: "fast-content-type-parse@npm:3.0.0"
  checksum: 10c0/06251880c83b7118af3a5e66e8bcee60d44f48b39396fc60acc2b4630bd5f3e77552b999b5c8e943d45a818854360e5e97164c374ec4b562b4df96a2cdf2e188
  languageName: node
  linkType: hard

"fast-string-truncated-width@npm:^3.0.2":
  version: 3.0.3
  resolution: "fast-string-truncated-width@npm:3.0.3"
  checksum: 10c0/043b8663397d14a3880ce4f3407bcda60b40db9bbeafe62863a35d1f9c69ea17c8da3fcd72de235553e6c9cd053128cde9e24ca0d4a7463208f48db3cd23d981
  languageName: node
  linkType: hard

"fast-string-width@npm:^3.0.2":
  version: 3.0.2
  resolution: "fast-string-width@npm:3.0.2"
  dependencies:
    fast-string-truncated-width: "npm:^3.0.2"
  checksum: 10c0/c8822d175315bb353ebe782b65214ac53b13e3bf704e03b132ea7bdfa8de6a636375b3ab7a4097545393d109381c37c4f387c72a462c90b61412dbc4632f39a7
  languageName: node
  linkType: hard

"fast-wrap-ansi@npm:^0.2.0":
  version: 0.2.2
  resolution: "fast-wrap-ansi@npm:0.2.2"
  dependencies:
    fast-string-width: "npm:^3.0.2"
  checksum: 10c0/1aa7be4f7cb86f4bdb14691cb6bcc0b8df8b3b89df142ade3ae1602332dcf6f990cd750a923cd581ca0847808cb4ec1aa5afaafa7a72f849e87a2a62c98fa370
  languageName: node
  linkType: hard

"iconv-lite@npm:^0.7.2":
  version: 0.7.2
  resolution: "iconv-lite@npm:0.7.2"
  dependencies:
    safer-buffer: "npm:>= 2.1.2 < 3.0.0"
  checksum: 10c0/3c228920f3bd307f56bf8363706a776f4a060eb042f131cd23855ceca962951b264d0997ab38a1ad340e1c5df8499ed26e1f4f0db6b2a2ad9befaff22f14b722
  languageName: node
  linkType: hard

"js-yaml@npm:^4.2.0":
  version: 4.2.0
  resolution: "js-yaml@npm:4.2.0"
  dependencies:
    argparse: "npm:^2.0.1"
  bin:
    js-yaml: bin/js-yaml.js
  checksum: 10c0/1916456c118746603b067d74bbcbb0445d9a1d5e474ad4ae775e7b20525bed902e01d9d97dd0c81fcd8d4f596162309d0eb057f4aa38f3e9647f14075e9dea45
  languageName: node
  linkType: hard

"mimalloc-example@workspace:.":
  version: 0.0.0-use.local
  resolution: "mimalloc-example@workspace:."
  dependencies:
    "@emnapi/core": "npm:^1.3.1"
    "@emnapi/runtime": "npm:^1.3.1"
    "@napi-rs/cli": "npm:^3.7.2"
  languageName: unknown
  linkType: soft

"ms@npm:^2.1.3":
  version: 2.1.3
  resolution: "ms@npm:2.1.3"
  checksum: 10c0/d924b57e7312b3b63ad21fc5b3dc0af5e78d61a1fc7cfb5457edaf26326bf62be5307cc87ffb6862ef1c2b33b0233cdb5d4f01c4c958cc0d660948b65a287a48
  languageName: node
  linkType: hard

"mute-stream@npm:^3.0.0":
  version: 3.0.0
  resolution: "mute-stream@npm:3.0.0"
  checksum: 10c0/12cdb36a101694c7a6b296632e6d93a30b74401873cf7507c88861441a090c71c77a58f213acadad03bc0c8fa186639dec99d68a14497773a8744320c136e701
  languageName: node
  linkType: hard

"obug@npm:^2.1.2":
  version: 2.1.3
  resolution: "obug@npm:2.1.3"
  checksum: 10c0/cb8187fed0a5fc8445507c950e89f3c1bd43895658c398b5803f6b7804dfa0c562975ecce1e67f3d9247d521452a5bfade9e0e951cc0326b7444272f7c24d25f
  languageName: node
  linkType: hard

"safer-buffer@npm:>= 2.1.2 < 3.0.0":
  version: 2.1.2
  resolution: "safer-buffer@npm:2.1.2"
  checksum: 10c0/7e3c8b2e88a1841c9671094bbaeebd94448111dd90a81a1f606f3f67708a6ec57763b3b47f06da09fc6054193e0e6709e77325415dc8422b04497a8070fa02d4
  languageName: node
  linkType: hard

"semver@npm:^7.8.2":
  version: 7.8.4
  resolution: "semver@npm:7.8.4"
  bin:
    semver: bin/semver.js
  checksum: 10c0/81b7c296fd7927b80f67fa516b75fa1017caac8167795320de28e76ccbc6f7f01763c30ecd10d6a0d8fd089708ab0548a5aebb94b0870e99c2a2b4600a46389b
  languageName: node
  linkType: hard

"signal-exit@npm:^4.1.0":
  version: 4.1.0
  resolution: "signal-exit@npm:4.1.0"
  checksum: 10c0/41602dce540e46d599edba9d9860193398d135f7ff72cab629db5171516cfae628d21e7bfccde1bbfdf11c48726bc2a6d1a8fb8701125852fbfda7cf19c6aa83
  languageName: node
  linkType: hard

"tslib@npm:^2.4.0":
  version: 2.8.1
  resolution: "tslib@npm:2.8.1"
  checksum: 10c0/9c4759110a19c53f992d9aae23aac5ced636e99887b51b9e61def52611732872ff7668757d4e4c61f19691e36f4da981cd9485e869b4a7408d689f6bf1f14e62
  languageName: node
  linkType: hard

"typanion@npm:^3.14.0, typanion@npm:^3.8.0":
  version: 3.14.0
  resolution: "typanion@npm:3.14.0"
  checksum: 10c0/8b03b19844e6955bfd906c31dc781bae6d7f1fb3ce4fe24b7501557013d4889ae5cefe671dafe98d87ead0adceb8afcb8bc16df7dc0bd2b7331bac96f3a7cae2
  languageName: node
  linkType: hard

"universal-user-agent@npm:^7.0.0, universal-user-agent@npm:^7.0.2":
  version: 7.0.3
  resolution: "universal-user-agent@npm:7.0.3"
  checksum: 10c0/6043be466a9bb96c0ce82392842d9fddf4c37e296f7bacc2cb25f47123990eb436c82df824644f9c5070a94dbdb117be17f66d54599ab143648ec57ef93dbcc8
  languageName: node
  linkType: hard
